// !$*UTF8*$!
{
	archiveVersion = 1;
	classes = {
	};
	objectVersion = 50;
	objects = {

/* Begin PBXBuildFile section */
		12C347A1214FE21E0099CE4C /* AppDelegate.swift in Sources */ = {isa = PBXBuildFile; fileRef = 12C347A0214FE21E0099CE4C /* AppDelegate.swift */; };
		12C347A3214FE21E0099CE4C /* ViewController.swift in Sources */ = {isa = PBXBuildFile; fileRef = 12C347A2214FE21E0099CE4C /* ViewController.swift */; };
		12C347A6214FE21E0099CE4C /* Main.storyboard in Resources */ = {isa = PBXBuildFile; fileRef = 12C347A4214FE21E0099CE4C /* Main.storyboard */; };
		12C347A8214FE21E0099CE4C /* Assets.xcassets in Resources */ = {isa = PBXBuildFile; fileRef = 12C347A7214FE21E0099CE4C /* Assets.xcassets */; };
		12C347AB214FE21E0099CE4C /* LaunchScreen.storyboard in Resources */ = {isa = PBXBuildFile; fileRef = 12C347A9214FE21E0099CE4C /* LaunchScreen.storyboard */; };
		12C347B6214FE21E0099CE4C /* LoginScreenTests.swift in Sources */ = {isa = PBXBuildFile; fileRef = 12C347B5214FE21E0099CE4C /* LoginScreenTests.swift */; };
		12C347C1214FE21E0099CE4C /* LoginScreenUITests.swift in Sources */ = {isa = PBXBuildFile; fileRef = 12C347C0214FE21E0099CE4C /* LoginScreenUITests.swift */; };
/* End PBXBuildFile section */

/* Begin PBXContainerItemProxy section */
		12C347B2214FE21E0099CE4C /* PBXContainerItemProxy */ = {
			isa = PBXContainerItemProxy;
			containerPortal = 12C34795214FE21D0099CE4C /* Project object */;
			proxyType = 1;
			remoteGlobalIDString = 12C3479C214FE21E0099CE4C;
			remoteInfo = LoginScreen;
		};
		12C347BD214FE21E0099CE4C /* PBXContainerItemProxy */ = {
			isa = PBXContainerItemProxy;
			containerPortal = 12C34795214FE21D0099CE4C /* Project object */;
			proxyType = 1;
			remoteGlobalIDString = 12C3479C214FE21E0099CE4C;
			remoteInfo = LoginScreen;
		};
/* End PBXContainerItemProxy section */

/* Begin PBXFileReference section */
		12C3479D214FE21E0099CE4C /* LoginScreen.app */ = {isa = PBXFileReference; explicitFileType = wrapper.application; includeInIndex = 0; path = LoginScreen.app; sourceTree = BUILT_PRODUCTS_DIR; };
		12C347A0214FE21E0099CE4C /* AppDelegate.swift */ = {isa = PBXFileReference; lastKnownFileType = sourcecode.swift; path = AppDelegate.swift; sourceTree = "<group>"; };
		12C347A2214FE21E0099CE4C /* ViewController.swift */ = {isa = PBXFileReference; lastKnownFileType = sourcecode.swift; path = ViewController.swift; sourceTree = "<group>"; };
		12C347A5214FE21E0099CE4C /* Base */ = {isa = PBXFileReference; lastKnownFileType = file.storyboard; name = Base; path = Base.lproj/Main.storyboard; sourceTree = "<group>"; };
		12C347A7214FE21E0099CE4C /* Assets.xcassets */ = {isa = PBXFileReference; lastKnownFileType = folder.assetcatalog; path = Assets.xcassets; sourceTree = "<group>"; };
		12C347AA214FE21E0099CE4C /* Base */ = {isa = PBXFileReference; lastKnownFileType = file.storyboard; name = Base; path = Base.lproj/LaunchScreen.storyboard; sourceTree = "<group>"; };
		12C347AC214FE21E0099CE4C /* Info.plist */ = {isa = PBXFileReference; lastKnownFileType = text.plist.xml; path = Info.plist; sourceTree = "<group>"; };
		12C347B1214FE21E0099CE4C /* LoginScreenTests.xctest */ = {isa = PBXFileReference; explicitFileType = wrapper.cfbundle; includeInIndex = 0; path = LoginScreenTests.xctest; sourceTree = BUILT_PRODUCTS_DIR; };
		12C347B5214FE21E0099CE4C /* LoginScreenTests.swift */ = {isa = PBXFileReference; lastKnownFileType = sourcecode.swift; path = LoginScreenTests.swift; sourceTree = "<group>"; };
		12C347B7214FE21E0099CE4C /* Info.plist */ = {isa = PBXFileReference; lastKnownFileType = text.plist.xml; path = Info.plist; sourceTree = "<group>"; };
		12C347BC214FE21E0099CE4C /* LoginScreenUITests.xctest */ = {isa = PBXFileReference; explicitFileType = wrapper.cfbundle; includeInIndex = 0; path = LoginScreenUITests.xctest; sourceTree = BUILT_PRODUCTS_DIR; };
		12C347C0214FE21E0099CE4C /* LoginScreenUITests.swift */ = {isa = PBXFileReference; lastKnownFileType = sourcecode.swift; path = LoginScreenUITests.swift; sourceTree = "<group>"; };
		12C347C2214FE21E0099CE4C /* Info.plist */ = {isa = PBXFileReference; lastKnownFileType = text.plist.xml; path = Info.plist; sourceTree = "<group>"; };
/* End PBXFileReference section */

/* Begin PBXFrameworksBuildPhase section */
		12C3479A214FE21E0099CE4C /* Frameworks */ = {
			isa = PBXFrameworksBuildPhase;
			buildActionMask = 2147483647;
			files = (
			);
			runOnlyForDeploymentPostprocessing = 0;
		};
		12C347AE214FE21E0099CE4C /* Frameworks */ = {
			isa = PBXFrameworksBuildPhase;
			buildActionMask = 2147483647;
			files = (
			);
			runOnlyForDeploymentPostprocessing = 0;
		};
		12C347B9214FE21E0099CE4C /* Frameworks */ = {
			isa = PBXFrameworksBuildPhase;
			buildActionMask = 2147483647;
			files = (
			);
			runOnlyForDeploymentPostprocessing = 0;
		};
/* End PBXFrameworksBuildPhase section */

/* Begin PBXGroup section */
		12C34794214FE21D0099CE4C = {
			isa = PBXGroup;
			children = (
				12C3479F214FE21E0099CE4C /* LoginScreen */,
				12C347B4214FE21E0099CE4C /* LoginScreenTests */,
				12C347BF214FE21E0099CE4C /* LoginScreenUITests */,
				12C3479E214FE21E0099CE4C /* Products */,
			);
			sourceTree = "<group>";
		};
		12C3479E214FE21E0099CE4C /* Products */ = {
			isa = PBXGroup;
			children = (
				12C3479D214FE21E0099CE4C /* LoginScreen.app */,
				12C347B1214FE21E0099CE4C /* LoginScreenTests.xctest */,
				12C347BC214FE21E0099CE4C /* LoginScreenUITests.xctest */,
			);
			name = Products;
			sourceTree = "<group>";
		};
		12C3479F214FE21E0099CE4C /* LoginScreen */ = {
			isa = PBXGroup;
			children = (
				12C347A0214FE21E0099CE4C /* AppDelegate.swift */,
				12C347A2214FE21E0099CE4C /* ViewController.swift */,
				12C347A4214FE21E0099CE4C /* Main.storyboard */,
				12C347A7214FE21E0099CE4C /* Assets.xcassets */,
				12C347A9214FE21E0099CE4C /* LaunchScreen.storyboard */,
				12C347AC214FE21E0099CE4C /* Info.plist */,
			);
			path = LoginScreen;
			sourceTree = "<group>";
		};
		12C347B4214FE21E0099CE4C /* LoginScreenTests */ = {
			isa = PBXGroup;
			children = (
				12C347B5214FE21E0099CE4C /* LoginScreenTests.swift */,
				12C347B7214FE21E0099CE4C /* Info.plist */,
			);
			path = LoginScreenTests;
			sourceTree = "<group>";
		};
		12C347BF214FE21E0099CE4C /* LoginScreenUITests */ = {
			isa = PBXGroup;
			children = (
				12C347C0214FE21E0099CE4C /* LoginScreenUITests.swift */,
				12C347C2214FE21E0099CE4C /* Info.plist */,
			);
			path = LoginScreenUITests;
			sourceTree = "<group>";
		};
/* End PBXGroup section */

/* Begin PBXNativeTarget section */
		12C3479C214FE21E0099CE4C /* LoginScreen */ = {
			isa = PBXNativeTarget;
			buildConfigurationList = 12C347C5214FE21E0099CE4C /* Build configuration list for PBXNativeTarget "LoginScreen" */;
			buildPhases = (
				12C34799214FE21E0099CE4C /* Sources */,
				12C3479A214FE21E0099CE4C /* Frameworks */,
				12C3479B214FE21E0099CE4C /* Resources */,
			);
			buildRules = (
			);
			dependencies = (
			);
			name = LoginScreen;
			productName = LoginScreen;
			productReference = 12C3479D214FE21E0099CE4C /* LoginScreen.app */;
			productType = "com.apple.product-type.application";
		};
		12C347B0214FE21E0099CE4C /* LoginScreenTests */ = {
			isa = PBXNativeTarget;
			buildConfigurationList = 12C347C8214FE21E0099CE4C /* Build configuration list for PBXNativeTarget "LoginScreenTests" */;
			buildPhases = (
				12C347AD214FE21E0099CE4C /* Sources */,
				12C347AE214FE21E0099CE4C /* Frameworks */,
				12C347AF214FE21E0099CE4C /* Resources */,
			);
			buildRules = (
			);
			dependencies = (
				12C347B3214FE21E0099CE4C /* PBXTargetDependency */,
			);
			name = LoginScreenTests;
			productName = LoginScreenTests;
			productReference = 12C347B1214FE21E0099CE4C /* LoginScreenTests.xctest */;
			productType = "com.apple.product-type.bundle.unit-test";
		};
		12C347BB214FE21E0099CE4C /* LoginScreenUITests */ = {
			isa = PBXNativeTarget;
			buildConfigurationList = 12C347CB214FE21E0099CE4C /* Build configuration list for PBXNativeTarget "LoginScreenUITests" */;
			buildPhases = (
				12C347B8214FE21E0099CE4C /* Sources */,
				12C347B9214FE21E0099CE4C /* Frameworks */,
				12C347BA214FE21E0099CE4C /* Resources */,
			);
			buildRules = (
			);
			dependencies = (
				12C347BE214FE21E0099CE4C /* PBXTargetDependency */,
			);
			name = LoginScreenUITests;
			productName = LoginScreenUITests;
			productReference = 12C347BC214FE21E0099CE4C /* LoginScreenUITests.xctest */;
			productType = "com.apple.product-type.bundle.ui-testing";
		};
/* End PBXNativeTarget section */

/* Begin PBXProject section */
		12C34795214FE21D0099CE4C /* Project object */ = {
			isa = PBXProject;
			attributes = {
				LastSwiftUpdateCheck = 1000;
				LastUpgradeCheck = 1000;
				ORGANIZATIONNAME = "Aaron Caines";
				TargetAttributes = {
					12C3479C214FE21E0099CE4C = {
						CreatedOnToolsVersion = 10.0;
					};
					12C347B0214FE21E0099CE4C = {
						CreatedOnToolsVersion = 10.0;
						TestTargetID = 12C3479C214FE21E0099CE4C;
					};
					12C347BB214FE21E0099CE4C = {
						CreatedOnToolsVersion = 10.0;
						TestTargetID = 12C3479C214FE21E0099CE4C;
					};
				};
			};
			buildConfigurationList = 12C34798214FE21D0099CE4C /* Build configuration list for PBXProject "LoginScreen" */;
			compatibilityVersion = "Xcode 9.3";
			developmentRegion = en;
			hasScannedForEncodings = 0;
			knownRegions = (
				en,
				Base,
			);
			mainGroup = 12C34794214FE21D0099CE4C;
			productRefGroup = 12C3479E214FE21E0099CE4C /* Products */;
			projectDirPath = "";
			projectRoot = "";
			targets = (
				12C3479C214FE21E0099CE4C /* LoginScreen */,
				12C347B0214FE21E0099CE4C /* LoginScreenTests */,
				12C347BB214FE21E0099CE4C /* LoginScreenUITests */,
			);
		};
/* End PBXProject section */

/* Begin PBXResourcesBuildPhase section */
		12C3479B214FE21E0099CE4C /* Resources */ = {
			isa = PBXResourcesBuildPhase;
			buildActionMask = 2147483647;
			files = (
				12C347AB214FE21E0099CE4C /* LaunchScreen.storyboard in Resources */,
				12C347A8214FE21E0099CE4C /* Assets.xcassets in Resources */,
				12C347A6214FE21E0099CE4C /* Main.storyboard in Resources */,
			);
			runOnlyForDeploymentPostprocessing = 0;
		};
		12C347AF214FE21E0099CE4C /* Resources */ = {
			isa = PBXResourcesBuildPhase;
			buildActionMask = 2147483647;
			files = (
			);
			runOnlyForDeploymentPostprocessing = 0;
		};
		12C347BA214FE21E0099CE4C /* Resources */ = {
			isa = PBXResourcesBuildPhase;
			buildActionMask = 2147483647;
			files = (
			);
			runOnlyForDeploymentPostprocessing = 0;
		};
/* End PBXResourcesBuildPhase section */

/* Begin PBXSourcesBuildPhase section */
		12C34799214FE21E0099CE4C /* Sources */ = {
			isa = PBXSourcesBuildPhase;
			buildActionMask = 2147483647;
			files = (
				12C347A3214FE21E0099CE4C /* ViewController.swift in Sources */,
				12C347A1214FE21E0099CE4C /* AppDelegate.swift in Sources */,
			);
			runOnlyForDeploymentPostprocessing = 0;
		};
		12C347AD214FE21E0099CE4C /* Sources */ = {
			isa = PBXSourcesBuildPhase;
			buildActionMask = 2147483647;
			files = (
				12C347B6214FE21E0099CE4C /* LoginScreenTests.swift in Sources */,
			);
			runOnlyForDeploymentPostprocessing = 0;
		};
		12C347B8214FE21E0099CE4C /* Sources */ = {
			isa = PBXSourcesBuildPhase;
			buildActionMask = 2147483647;
			files = (
				12C347C1214FE21E0099CE4C /* LoginScreenUITests.swift in Sources */,
			);
			runOnlyForDeploymentPostprocessing = 0;
		};
/* End PBXSourcesBuildPhase section */

/* Begin PBXTargetDependency section */
		12C347B3214FE21E0099CE4C /* PBXTargetDependency */ = {
			isa = PBXTargetDependency;
			target = 12C3479C214FE21E0099CE4C /* LoginScreen */;
			targetProxy = 12C347B2214FE21E0099CE4C /* PBXContainerItemProxy */;
		};
		12C347BE214FE21E0099CE4C /* PBXTargetDependency */ = {
			isa = PBXTargetDependency;
			target = 12C3479C214FE21E0099CE4C /* LoginScreen */;
			targetProxy = 12C347BD214FE21E0099CE4C /* PBXContainerItemProxy */;
		};
/* End PBXTargetDependency section */

/* Begin PBXVariantGroup section */
		12C347A4214FE21E0099CE4C /* Main.storyboard */ = {
			isa = PBXVariantGroup;
			children = (
				12C347A5214FE21E0099CE4C /* Base */,
			);
			name = Main.storyboard;
			sourceTree = "<group>";
		};
		12C347A9214FE21E0099CE4C /* LaunchScreen.storyboard */ = {
			isa = PBXVariantGroup;
			children = (
				12C347AA214FE21E0099CE4C /* Base */,
			);
			name = LaunchScreen.storyboard;
			sourceTree = "<group>";
		};
/* End PBXVariantGroup section */

/* Begin XCBuildConfiguration section */
		12C347C3214FE21E0099CE4C /* Debug */ = {
			isa = XCBuildConfiguration;
			buildSettings = {
				ALWAYS_SEARCH_USER_PATHS = NO;
				CLANG_ANALYZER_NONNULL = YES;
				CLANG_ANALYZER_NUMBER_OBJECT_CONVERSION = YES_AGGRESSIVE;
				CLANG_CXX_LANGUAGE_STANDARD = "gnu++14";
				CLANG_CXX_LIBRARY = "libc++";
				CLANG_ENABLE_MODULES = YES;
				CLANG_ENABLE_OBJC_ARC = YES;
				CLANG_ENABLE_OBJC_WEAK = YES;
				CLANG_WARN_BLOCK_CAPTURE_AUTORELEASING = YES;
				CLANG_WARN_BOOL_CONVERSION = YES;
				CLANG_WARN_COMMA = YES;
				CLANG_WARN_CONSTANT_CONVERSION = YES;
				CLANG_WARN_DEPRECATED_OBJC_IMPLEMENTATIONS = YES;
				CLANG_WARN_DIRECT_OBJC_ISA_USAGE = YES_ERROR;
				CLANG_WARN_DOCUMENTATION_COMMENTS = YES;
				CLANG_WARN_EMPTY_BODY = YES;
				CLANG_WARN_ENUM_CONVERSION = YES;
				CLANG_WARN_INFINITE_RECURSION = YES;
				CLANG_WARN_INT_CONVERSION = YES;
				CLANG_WARN_NON_LITERAL_NULL_CONVERSION = YES;
				CLANG_WARN_OBJC_IMPLICIT_RETAIN_SELF = YES;
				CLANG_WARN_OBJC_LITERAL_CONVERSION = YES;
				CLANG_WARN_OBJC_ROOT_CLASS = YES_ERROR;
				CLANG_WARN_RANGE_LOOP_ANALYSIS = YES;
				CLANG_WARN_STRICT_PROTOTYPES = YES;
				CLANG_WARN_SUSPICIOUS_MOVE = YES;
				CLANG_WARN_UNGUARDED_AVAILABILITY = YES_AGGRESSIVE;
				CLANG_WARN_UNREACHABLE_CODE = YES;
				CLANG_WARN__DUPLICATE_METHOD_MATCH = YES;
				CODE_SIGN_IDENTITY = "iPhone Developer";
				COPY_PHASE_STRIP = NO;
				DEBUG_INFORMATION_FORMAT = dwarf;
				ENABLE_STRICT_OBJC_MSGSEND = YES;
				ENABLE_TESTABILITY = YES;
				GCC_C_LANGUAGE_STANDARD = gnu11;
				GCC_DYNAMIC_NO_PIC = NO;
				GCC_NO_COMMON_BLOCKS = YES;
				GCC_OPTIMIZATION_LEVEL = 0;
				GCC_PREPROCESSOR_DEFINITIONS = (
					"DEBUG=1",
					"$(inherited)",
				);
				GCC_WARN_64_TO_32_BIT_CONVERSION = YES;
				GCC_WARN_ABOUT_RETURN_TYPE = YES_ERROR;
				GCC_WARN_UNDECLARED_SELECTOR = YES;
				GCC_WARN_UNINITIALIZED_AUTOS = YES_AGGRESSIVE;
				GCC_WARN_UNUSED_FUNCTION = YES;
				GCC_WARN_UNUSED_VARIABLE = YES;
				IPHONEOS_DEPLOYMENT_TARGET = 12.0;
				MTL_ENABLE_DEBUG_INFO = INCLUDE_SOURCE;
				MTL_FAST_MATH = YES;
				ONLY_ACTIVE_ARCH = YES;
				SDKROOT = iphoneos;
				SWIFT_ACTIVE_COMPILATION_CONDITIONS = DEBUG;
				SWIFT_OPTIMIZATION_LEVEL = "-Onone";
			};
			name = Debug;
		};
		12C347C4214FE21E0099CE4C /* Release */ = {
			isa = XCBuildConfiguration;
			buildSettings = {
				ALWAYS_SEARCH_USER_PATHS = NO;
				CLANG_ANALYZER_NONNULL = YES;
				CLANG_ANALYZER_NUMBER_OBJECT_CONVERSION = YES_AGGRESSIVE;
				CLANG_CXX_LANGUAGE_STANDARD = "gnu++14";
				CLANG_CXX_LIBRARY = "libc++";
				CLANG_ENABLE_MODULES = YES;
				CLANG_ENABLE_OBJC_ARC = YES;
				CLANG_ENABLE_OBJC_WEAK = YES;
				CLANG_WARN_BLOCK_CAPTURE_AUTORELEASING = YES;
				CLANG_WARN_BOOL_CONVERSION = YES;
				CLANG_WARN_COMMA = YES;
				CLANG_WARN_CONSTANT_CONVERSION = YES;
				CLANG_WARN_DEPRECATED_OBJC_IMPLEMENTATIONS = YES;
				CLANG_WARN_DIRECT_OBJC_ISA_USAGE = YES_ERROR;
				CLANG_WARN_DOCUMENTATION_COMMENTS = YES;
				CLANG_WARN_EMPTY_BODY = YES;
				CLANG_WARN_ENUM_CONVERSION = YES;
				CLANG_WARN_INFINITE_RECURSION = YES;
				CLANG_WARN_INT_CONVERSION = YES;
				CLANG_WARN_NON_LITERAL_NULL_CONVERSION = YES;
				CLANG_WARN_OBJC_IMPLICIT_RETAIN_SELF = YES;
				CLANG_WARN_OBJC_LITERAL_CONVERSION = YES;
				CLANG_WARN_OBJC_ROOT_CLASS = YES_ERROR;
				CLANG_WARN_RANGE_LOOP_ANALYSIS = YES;
				CLANG_WARN_STRICT_PROTOTYPES = YES;
				CLANG_WARN_SUSPICIOUS_MOVE = YES;
				CLANG_WARN_UNGUARDED_AVAILABILITY = YES_AGGRESSIVE;
				CLANG_WARN_UNREACHABLE_CODE = YES;
				CLANG_WARN__DUPLICATE_METHOD_MATCH = YES;
				CODE_SIGN_IDENTITY = "iPhone Developer";
				COPY_PHASE_STRIP = NO;
				DEBUG_INFORMATION_FORMAT = "dwarf-with-dsym";
				ENABLE_NS_ASSERTIONS = NO;
				ENABLE_STRICT_OBJC_MSGSEND = YES;
				GCC_C_LANGUAGE_STANDARD = gnu11;
				GCC_NO_COMMON_BLOCKS = YES;
				GCC_WARN_64_TO_32_BIT_CONVERSION = YES;
				GCC_WARN_ABOUT_RETURN_TYPE = YES_ERROR;
				GCC_WARN_UNDECLARED_SELECTOR = YES;
				GCC_WARN_UNINITIALIZED_AUTOS = YES_AGGRESSIVE;
				GCC_WARN_UNUSED_FUNCTION = YES;
				GCC_WARN_UNUSED_VARIABLE = YES;
				IPHONEOS_DEPLOYMENT_TARGET = 12.0;
				MTL_ENABLE_DEBUG_INFO = NO;
				MTL_FAST_MATH = YES;
				SDKROOT = iphoneos;
				SWIFT_COMPILATION_MODE = wholemodule;
				SWIFT_OPTIMIZATION_LEVEL = "-O";
				VALIDATE_PRODUCT = YES;
			};
			name = Release;
		};
		12C347C6214FE21E0099CE4C /* Debug */ = {
			isa = XCBuildConfiguration;
			buildSettings = {
				ASSETCATALOG_COMPILER_APPICON_NAME = AppIcon;
				CODE_SIGN_STYLE = Automatic;
				DEVELOPMENT_TEAM = GR8YTJP3JY;
				INFOPLIST_FILE = LoginScreen/Info.plist;
				LD_RUNPATH_SEARCH_PATHS = (
					"$(inherited)",
					"@executable_path/Frameworks",
				);
				PRODUCT_BUNDLE_IDENTIFIER = com.geekylemondevelopment.LoginScreen;
				PRODUCT_NAME = "$(TARGET_NAME)";
				SWIFT_VERSION = 4.2;
				TARGETED_DEVICE_FAMILY = "1,2";
			};
			name = Debug;
		};
		12C347C7214FE21E0099CE4C /* Release */ = {
			isa = XCBuildConfiguration;
			buildSettings = {
				ASSETCATALOG_COMPILER_APPICON_NAME = AppIcon;
				CODE_SIGN_STYLE = Automatic;
				DEVELOPMENT_TEAM = GR8YTJP3JY;
				INFOPLIST_FILE = LoginScreen/Info.plist;
				LD_RUNPATH_SEARCH_PATHS = (
					"$(inherited)",
					"@executable_path/Frameworks",
				);
				PRODUCT_BUNDLE_IDENTIFIER = com.geekylemondevelopment.LoginScreen;
				PRODUCT_NAME = "$(TARGET_NAME)";
				SWIFT_VERSION = 4.2;
				TARGETED_DEVICE_FAMILY = "1,2";
			};
			name = Release;
		};
		12C347C9214FE21E0099CE4C /* Debug */ = {
			isa = XCBuildConfiguration;
			buildSettings = {
				ALWAYS_EMBED_SWIFT_STANDARD_LIBRARIES = YES;
				BUNDLE_LOADER = "$(TEST_HOST)";
				CODE_SIGN_STYLE = Automatic;
				DEVELOPMENT_TEAM = GR8YTJP3JY;
				INFOPLIST_FILE = LoginScreenTests/Info.plist;
				LD_RUNPATH_SEARCH_PATHS = (
					"$(inherited)",
					"@executable_path/Frameworks",
					"@loader_path/Frameworks",
				);
				PRODUCT_BUNDLE_IDENTIFIER = com.geekylemondevelopment.LoginScreenTests;
				PRODUCT_NAME = "$(TARGET_NAME)";
				SWIFT_VERSION = 4.2;
				TARGETED_DEVICE_FAMILY = "1,2";
				TEST_HOST = "$(BUILT_PRODUCTS_DIR)/LoginScreen.app/LoginScreen";
			};
			name = Debug;
		};
		12C347CA214FE21E0099CE4C /* Release */ = {
			isa = XCBuildConfiguration;
			buildSettings = {
				ALWAYS_EMBED_SWIFT_STANDARD_LIBRARIES = YES;
				BUNDLE_LOADER = "$(TEST_HOST)";
				CODE_SIGN_STYLE = Automatic;
				DEVELOPMENT_TEAM = GR8YTJP3JY;
				INFOPLIST_FILE = LoginScreenTests/Info.plist;
				LD_RUNPATH_SEARCH_PATHS = (
					"$(inherited)",
					"@executable_path/Frameworks",
					"@loader_path/Frameworks",
				);
				PRODUCT_BUNDLE_IDENTIFIER = com.geekylemondevelopment.LoginScreenTests;
				PRODUCT_NAME = "$(TARGET_NAME)";
				SWIFT_VERSION = 4.2;
				TARGETED_DEVICE_FAMILY = "1,2";
				TEST_HOST = "$(BUILT_PRODUCTS_DIR)/LoginScreen.app/LoginScreen";
			};
			name = Release;
		};
		12C347CC214FE21E0099CE4C /* Debug */ = {
			isa = XCBuildConfiguration;
			buildSettings = {
				ALWAYS_EMBED_SWIFT_STANDARD_LIBRARIES = YES;
				CODE_SIGN_STYLE = Automatic;
				DEVELOPMENT_TEAM = GR8YTJP3JY;
				INFOPLIST_FILE = LoginScreenUITests/Info.plist;
				LD_RUNPATH_SEARCH_PATHS = (
					"$(inherited)",
					"@executable_path/Frameworks",
					"@loader_path/Frameworks",
				);
				PRODUCT_BUNDLE_IDENTIFIER = com.geekylemondevelopment.LoginScreenUITests;
				PRODUCT_NAME = "$(TARGET_NAME)";
				SWIFT_VERSION = 4.2;
				TARGETED_DEVICE_FAMILY = "1,2";
				TEST_TARGET_NAME = LoginScreen;
			};
			name = Debug;
		};
		12C347CD214FE21E0099CE4C /* Release */ = {
			isa = XCBuildConfiguration;
			buildSettings = {
				ALWAYS_EMBED_SWIFT_STANDARD_LIBRARIES = YES;
				CODE_SIGN_STYLE = Automatic;
				DEVELOPMENT_TEAM = GR8YTJP3JY;
				INFOPLIST_FILE = LoginScreenUITests/Info.plist;
				LD_RUNPATH_SEARCH_PATHS = (
					"$(inherited)",
					"@executable_path/Frameworks",
					"@loader_path/Frameworks",
				);
				PRODUCT_BUNDLE_IDENTIFIER = com.geekylemondevelopment.LoginScreenUITests;
				PRODUCT_NAME = "$(TARGET_NAME)";
				SWIFT_VERSION = 4.2;
				TARGETED_DEVICE_FAMILY = "1,2";
				TEST_TARGET_NAME = LoginScreen;
			};
			name = Release;
		};
/* End XCBuildConfiguration section */

/* Begin XCConfigurationList section */
		12C34798214FE21D0099CE4C /* Build configuration list for PBXProject "LoginScreen" */ = {
			isa = XCConfigurationList;
			buildConfigurations = (
				12C347C3214FE21E0099CE4C /* Debug */,
				12C347C4214FE21E0099CE4C /* Release */,
			);
			defaultConfigurationIsVisible = 0;
			defaultConfigurationName = Release;
		};
		12C347C5214FE21E0099CE4C /* Build configuration list for PBXNativeTarget "LoginScreen" */ = {
			isa = XCConfigurationList;
			buildConfigurations = (
				12C347C6214FE21E0099CE4C /* Debug */,
				12C347C7214FE21E0099CE4C /* Release */,
			);
			defaultConfigurationIsVisible = 0;
			defaultConfigurationName = Release;
		};
		12C347C8214FE21E0099CE4C /* Build configuration list for PBXNativeTarget "LoginScreenTests" */ = {
			isa = XCConfigurationList;
			buildConfigurations = (
				12C347C9214FE21E0099CE4C /* Debug */,
				12C347CA214FE21E0099CE4C /* Release */,
			);
			defaultConfigurationIsVisible = 0;
			defaultConfigurationName = Release;
		};
		12C347CB214FE21E0099CE4C /* Build configuration list for PBXNativeTarget "LoginScreenUITests" */ = {
			isa = XCConfigurationList;
			buildConfigurations = (
				12C347CC214FE21E0099CE4C /* Debug */,
				12C347CD214FE21E0099CE4C /* Release */,
			);
			defaultConfigurationIsVisible = 0;
			defaultConfigurationName = Release;
		};
/* End XCConfigurationList section */
	};
	rootObject = 12C34795214FE21D0099CE4C /* Project object */;
}
