// !$*UTF8*$!
{
	archiveVersion = 1;
	classes = {
	};
	objectVersion = 50;
	objects = {

/* Begin PBXBuildFile section */
		12C346F3214FCD2F0099CE4C /* AppDelegate.swift in Sources */ = {isa = PBXBuildFile; fileRef = 12C346F2214FCD2F0099CE4C /* AppDelegate.swift */; };
		12C346F5214FCD2F0099CE4C /* ViewController.swift in Sources */ = {isa = PBXBuildFile; fileRef = 12C346F4214FCD2F0099CE4C /* ViewController.swift */; };
		12C346F8214FCD2F0099CE4C /* Main.storyboard in Resources */ = {isa = PBXBuildFile; fileRef = 12C346F6214FCD2F0099CE4C /* Main.storyboard */; };
		12C346FA214FCD2F0099CE4C /* Assets.xcassets in Resources */ = {isa = PBXBuildFile; fileRef = 12C346F9214FCD2F0099CE4C /* Assets.xcassets */; };
		12C346FD214FCD2F0099CE4C /* LaunchScreen.storyboard in Resources */ = {isa = PBXBuildFile; fileRef = 12C346FB214FCD2F0099CE4C /* LaunchScreen.storyboard */; };
		12C34708214FCD2F0099CE4C /* BoolsTests.swift in Sources */ = {isa = PBXBuildFile; fileRef = 12C34707214FCD2F0099CE4C /* BoolsTests.swift */; };
		12C34713214FCD2F0099CE4C /* BoolsUITests.swift in Sources */ = {isa = PBXBuildFile; fileRef = 12C34712214FCD2F0099CE4C /* BoolsUITests.swift */; };
/* End PBXBuildFile section */

/* Begin PBXContainerItemProxy section */
		12C34704214FCD2F0099CE4C /* PBXContainerItemProxy */ = {
			isa = PBXContainerItemProxy;
			containerPortal = 12C346E7214FCD2F0099CE4C /* Project object */;
			proxyType = 1;
			remoteGlobalIDString = 12C346EE214FCD2F0099CE4C;
			remoteInfo = Bools;
		};
		12C3470F214FCD2F0099CE4C /* PBXContainerItemProxy */ = {
			isa = PBXContainerItemProxy;
			containerPortal = 12C346E7214FCD2F0099CE4C /* Project object */;
			proxyType = 1;
			remoteGlobalIDString = 12C346EE214FCD2F0099CE4C;
			remoteInfo = Bools;
		};
/* End PBXContainerItemProxy section */

/* Begin PBXFileReference section */
		12C346EF214FCD2F0099CE4C /* Bools.app */ = {isa = PBXFileReference; explicitFileType = wrapper.application; includeInIndex = 0; path = Bools.app; sourceTree = BUILT_PRODUCTS_DIR; };
		12C346F2214FCD2F0099CE4C /* AppDelegate.swift */ = {isa = PBXFileReference; lastKnownFileType = sourcecode.swift; path = AppDelegate.swift; sourceTree = "<group>"; };
		12C346F4214FCD2F0099CE4C /* ViewController.swift */ = {isa = PBXFileReference; lastKnownFileType = sourcecode.swift; path = ViewController.swift; sourceTree = "<group>"; };
		12C346F7214FCD2F0099CE4C /* Base */ = {isa = PBXFileReference; lastKnownFileType = file.storyboard; name = Base; path = Base.lproj/Main.storyboard; sourceTree = "<group>"; };
		12C346F9214FCD2F0099CE4C /* Assets.xcassets */ = {isa = PBXFileReference; lastKnownFileType = folder.assetcatalog; path = Assets.xcassets; sourceTree = "<group>"; };
		12C346FC214FCD2F0099CE4C /* Base */ = {isa = PBXFileReference; lastKnownFileType = file.storyboard; name = Base; path = Base.lproj/LaunchScreen.storyboard; sourceTree = "<group>"; };
		12C346FE214FCD2F0099CE4C /* Info.plist */ = {isa = PBXFileReference; lastKnownFileType = text.plist.xml; path = Info.plist; sourceTree = "<group>"; };
		12C34703214FCD2F0099CE4C /* BoolsTests.xctest */ = {isa = PBXFileReference; explicitFileType = wrapper.cfbundle; includeInIndex = 0; path = BoolsTests.xctest; sourceTree = BUILT_PRODUCTS_DIR; };
		12C34707214FCD2F0099CE4C /* BoolsTests.swift */ = {isa = PBXFileReference; lastKnownFileType = sourcecode.swift; path = BoolsTests.swift; sourceTree = "<group>"; };
		12C34709214FCD2F0099CE4C /* Info.plist */ = {isa = PBXFileReference; lastKnownFileType = text.plist.xml; path = Info.plist; sourceTree = "<group>"; };
		12C3470E214FCD2F0099CE4C /* BoolsUITests.xctest */ = {isa = PBXFileReference; explicitFileType = wrapper.cfbundle; includeInIndex = 0; path = BoolsUITests.xctest; sourceTree = BUILT_PRODUCTS_DIR; };
		12C34712214FCD2F0099CE4C /* BoolsUITests.swift */ = {isa = PBXFileReference; lastKnownFileType = sourcecode.swift; path = BoolsUITests.swift; sourceTree = "<group>"; };
		12C34714214FCD2F0099CE4C /* Info.plist */ = {isa = PBXFileReference; lastKnownFileType = text.plist.xml; path = Info.plist; sourceTree = "<group>"; };
/* End PBXFileReference section */

/* Begin PBXFrameworksBuildPhase section */
		12C346EC214FCD2F0099CE4C /* Frameworks */ = {
			isa = PBXFrameworksBuildPhase;
			buildActionMask = 2147483647;
			files = (
			);
			runOnlyForDeploymentPostprocessing = 0;
		};
		12C34700214FCD2F0099CE4C /* Frameworks */ = {
			isa = PBXFrameworksBuildPhase;
			buildActionMask = 2147483647;
			files = (
			);
			runOnlyForDeploymentPostprocessing = 0;
		};
		12C3470B214FCD2F0099CE4C /* Frameworks */ = {
			isa = PBXFrameworksBuildPhase;
			buildActionMask = 2147483647;
			files = (
			);
			runOnlyForDeploymentPostprocessing = 0;
		};
/* End PBXFrameworksBuildPhase section */

/* Begin PBXGroup section */
		12C346E6214FCD2F0099CE4C = {
			isa = PBXGroup;
			children = (
				12C346F1214FCD2F0099CE4C /* Bools */,
				12C34706214FCD2F0099CE4C /* BoolsTests */,
				12C34711214FCD2F0099CE4C /* BoolsUITests */,
				12C346F0214FCD2F0099CE4C /* Products */,
			);
			sourceTree = "<group>";
		};
		12C346F0214FCD2F0099CE4C /* Products */ = {
			isa = PBXGroup;
			children = (
				12C346EF214FCD2F0099CE4C /* Bools.app */,
				12C34703214FCD2F0099CE4C /* BoolsTests.xctest */,
				12C3470E214FCD2F0099CE4C /* BoolsUITests.xctest */,
			);
			name = Products;
			sourceTree = "<group>";
		};
		12C346F1214FCD2F0099CE4C /* Bools */ = {
			isa = PBXGroup;
			children = (
				12C346F2214FCD2F0099CE4C /* AppDelegate.swift */,
				12C346F4214FCD2F0099CE4C /* ViewController.swift */,
				12C346F6214FCD2F0099CE4C /* Main.storyboard */,
				12C346F9214FCD2F0099CE4C /* Assets.xcassets */,
				12C346FB214FCD2F0099CE4C /* LaunchScreen.storyboard */,
				12C346FE214FCD2F0099CE4C /* Info.plist */,
			);
			path = Bools;
			sourceTree = "<group>";
		};
		12C34706214FCD2F0099CE4C /* BoolsTests */ = {
			isa = PBXGroup;
			children = (
				12C34707214FCD2F0099CE4C /* BoolsTests.swift */,
				12C34709214FCD2F0099CE4C /* Info.plist */,
			);
			path = BoolsTests;
			sourceTree = "<group>";
		};
		12C34711214FCD2F0099CE4C /* BoolsUITests */ = {
			isa = PBXGroup;
			children = (
				12C34712214FCD2F0099CE4C /* BoolsUITests.swift */,
				12C34714214FCD2F0099CE4C /* Info.plist */,
			);
			path = BoolsUITests;
			sourceTree = "<group>";
		};
/* End PBXGroup section */

/* Begin PBXNativeTarget section */
		12C346EE214FCD2F0099CE4C /* Bools */ = {
			isa = PBXNativeTarget;
			buildConfigurationList = 12C34717214FCD2F0099CE4C /* Build configuration list for PBXNativeTarget "Bools" */;
			buildPhases = (
				12C346EB214FCD2F0099CE4C /* Sources */,
				12C346EC214FCD2F0099CE4C /* Frameworks */,
				12C346ED214FCD2F0099CE4C /* Resources */,
			);
			buildRules = (
			);
			dependencies = (
			);
			name = Bools;
			productName = Bools;
			productReference = 12C346EF214FCD2F0099CE4C /* Bools.app */;
			productType = "com.apple.product-type.application";
		};
		12C34702214FCD2F0099CE4C /* BoolsTests */ = {
			isa = PBXNativeTarget;
			buildConfigurationList = 12C3471A214FCD2F0099CE4C /* Build configuration list for PBXNativeTarget "BoolsTests" */;
			buildPhases = (
				12C346FF214FCD2F0099CE4C /* Sources */,
				12C34700214FCD2F0099CE4C /* Frameworks */,
				12C34701214FCD2F0099CE4C /* Resources */,
			);
			buildRules = (
			);
			dependencies = (
				12C34705214FCD2F0099CE4C /* PBXTargetDependency */,
			);
			name = BoolsTests;
			productName = BoolsTests;
			productReference = 12C34703214FCD2F0099CE4C /* BoolsTests.xctest */;
			productType = "com.apple.product-type.bundle.unit-test";
		};
		12C3470D214FCD2F0099CE4C /* BoolsUITests */ = {
			isa = PBXNativeTarget;
			buildConfigurationList = 12C3471D214FCD2F0099CE4C /* Build configuration list for PBXNativeTarget "BoolsUITests" */;
			buildPhases = (
				12C3470A214FCD2F0099CE4C /* Sources */,
				12C3470B214FCD2F0099CE4C /* Frameworks */,
				12C3470C214FCD2F0099CE4C /* Resources */,
			);
			buildRules = (
			);
			dependencies = (
				12C34710214FCD2F0099CE4C /* PBXTargetDependency */,
			);
			name = BoolsUITests;
			productName = BoolsUITests;
			productReference = 12C3470E214FCD2F0099CE4C /* BoolsUITests.xctest */;
			productType = "com.apple.product-type.bundle.ui-testing";
		};
/* End PBXNativeTarget section */

/* Begin PBXProject section */
		12C346E7214FCD2F0099CE4C /* Project object */ = {
			isa = PBXProject;
			attributes = {
				LastSwiftUpdateCheck = 1000;
				LastUpgradeCheck = 1000;
				ORGANIZATIONNAME = "Aaron Caines";
				TargetAttributes = {
					12C346EE214FCD2F0099CE4C = {
						CreatedOnToolsVersion = 10.0;
					};
					12C34702214FCD2F0099CE4C = {
						CreatedOnToolsVersion = 10.0;
						TestTargetID = 12C346EE214FCD2F0099CE4C;
					};
					12C3470D214FCD2F0099CE4C = {
						CreatedOnToolsVersion = 10.0;
						TestTargetID = 12C346EE214FCD2F0099CE4C;
					};
				};
			};
			buildConfigurationList = 12C346EA214FCD2F0099CE4C /* Build configuration list for PBXProject "Bools" */;
			compatibilityVersion = "Xcode 9.3";
			developmentRegion = en;
			hasScannedForEncodings = 0;
			knownRegions = (
				en,
				Base,
			);
			mainGroup = 12C346E6214FCD2F0099CE4C;
			productRefGroup = 12C346F0214FCD2F0099CE4C /* Products */;
			projectDirPath = "";
			projectRoot = "";
			targets = (
				12C346EE214FCD2F0099CE4C /* Bools */,
				12C34702214FCD2F0099CE4C /* BoolsTests */,
				12C3470D214FCD2F0099CE4C /* BoolsUITests */,
			);
		};
/* End PBXProject section */

/* Begin PBXResourcesBuildPhase section */
		12C346ED214FCD2F0099CE4C /* Resources */ = {
			isa = PBXResourcesBuildPhase;
			buildActionMask = 2147483647;
			files = (
				12C346FD214FCD2F0099CE4C /* LaunchScreen.storyboard in Resources */,
				12C346FA214FCD2F0099CE4C /* Assets.xcassets in Resources */,
				12C346F8214FCD2F0099CE4C /* Main.storyboard in Resources */,
			);
			runOnlyForDeploymentPostprocessing = 0;
		};
		12C34701214FCD2F0099CE4C /* Resources */ = {
			isa = PBXResourcesBuildPhase;
			buildActionMask = 2147483647;
			files = (
			);
			runOnlyForDeploymentPostprocessing = 0;
		};
		12C3470C214FCD2F0099CE4C /* Resources */ = {
			isa = PBXResourcesBuildPhase;
			buildActionMask = 2147483647;
			files = (
			);
			runOnlyForDeploymentPostprocessing = 0;
		};
/* End PBXResourcesBuildPhase section */

/* Begin PBXSourcesBuildPhase section */
		12C346EB214FCD2F0099CE4C /* Sources */ = {
			isa = PBXSourcesBuildPhase;
			buildActionMask = 2147483647;
			files = (
				12C346F5214FCD2F0099CE4C /* ViewController.swift in Sources */,
				12C346F3214FCD2F0099CE4C /* AppDelegate.swift in Sources */,
			);
			runOnlyForDeploymentPostprocessing = 0;
		};
		12C346FF214FCD2F0099CE4C /* Sources */ = {
			isa = PBXSourcesBuildPhase;
			buildActionMask = 2147483647;
			files = (
				12C34708214FCD2F0099CE4C /* BoolsTests.swift in Sources */,
			);
			runOnlyForDeploymentPostprocessing = 0;
		};
		12C3470A214FCD2F0099CE4C /* Sources */ = {
			isa = PBXSourcesBuildPhase;
			buildActionMask = 2147483647;
			files = (
				12C34713214FCD2F0099CE4C /* BoolsUITests.swift in Sources */,
			);
			runOnlyForDeploymentPostprocessing = 0;
		};
/* End PBXSourcesBuildPhase section */

/* Begin PBXTargetDependency section */
		12C34705214FCD2F0099CE4C /* PBXTargetDependency */ = {
			isa = PBXTargetDependency;
			target = 12C346EE214FCD2F0099CE4C /* Bools */;
			targetProxy = 12C34704214FCD2F0099CE4C /* PBXContainerItemProxy */;
		};
		12C34710214FCD2F0099CE4C /* PBXTargetDependency */ = {
			isa = PBXTargetDependency;
			target = 12C346EE214FCD2F0099CE4C /* Bools */;
			targetProxy = 12C3470F214FCD2F0099CE4C /* PBXContainerItemProxy */;
		};
/* End PBXTargetDependency section */

/* Begin PBXVariantGroup section */
		12C346F6214FCD2F0099CE4C /* Main.storyboard */ = {
			isa = PBXVariantGroup;
			children = (
				12C346F7214FCD2F0099CE4C /* Base */,
			);
			name = Main.storyboard;
			sourceTree = "<group>";
		};
		12C346FB214FCD2F0099CE4C /* LaunchScreen.storyboard */ = {
			isa = PBXVariantGroup;
			children = (
				12C346FC214FCD2F0099CE4C /* Base */,
			);
			name = LaunchScreen.storyboard;
			sourceTree = "<group>";
		};
/* End PBXVariantGroup section */

/* Begin XCBuildConfiguration section */
		12C34715214FCD2F0099CE4C /* Debug */ = {
			isa = XCBuildConfiguration;
			buildSettings = {
				ALWAYS_SEARCH_USER_PATHS = NO;
				CLANG_ANALYZER_NONNULL = YES;
				CLANG_ANALYZER_NUMBER_OBJECT_CONVERSION = YES_AGGRESSIVE;
				CLANG_CXX_LANGUAGE_STANDARD = "gnu++14";
				CLANG_CXX_LIBRARY = "libc++";
				CLANG_ENABLE_MODULES = YES;
				CLANG_ENABLE_OBJC_ARC = YES;
				CLANG_ENABLE_OBJC_WEAK = YES;
				CLANG_WARN_BLOCK_CAPTURE_AUTORELEASING = YES;
				CLANG_WARN_BOOL_CONVERSION = YES;
				CLANG_WARN_COMMA = YES;
				CLANG_WARN_CONSTANT_CONVERSION = YES;
				CLANG_WARN_DEPRECATED_OBJC_IMPLEMENTATIONS = YES;
				CLANG_WARN_DIRECT_OBJC_ISA_USAGE = YES_ERROR;
				CLANG_WARN_DOCUMENTATION_COMMENTS = YES;
				CLANG_WARN_EMPTY_BODY = YES;
				CLANG_WARN_ENUM_CONVERSION = YES;
				CLANG_WARN_INFINITE_RECURSION = YES;
				CLANG_WARN_INT_CONVERSION = YES;
				CLANG_WARN_NON_LITERAL_NULL_CONVERSION = YES;
				CLANG_WARN_OBJC_IMPLICIT_RETAIN_SELF = YES;
				CLANG_WARN_OBJC_LITERAL_CONVERSION = YES;
				CLANG_WARN_OBJC_ROOT_CLASS = YES_ERROR;
				CLANG_WARN_RANGE_LOOP_ANALYSIS = YES;
				CLANG_WARN_STRICT_PROTOTYPES = YES;
				CLANG_WARN_SUSPICIOUS_MOVE = YES;
				CLANG_WARN_UNGUARDED_AVAILABILITY = YES_AGGRESSIVE;
				CLANG_WARN_UNREACHABLE_CODE = YES;
				CLANG_WARN__DUPLICATE_METHOD_MATCH = YES;
				CODE_SIGN_IDENTITY = "iPhone Developer";
				COPY_PHASE_STRIP = NO;
				DEBUG_INFORMATION_FORMAT = dwarf;
				ENABLE_STRICT_OBJC_MSGSEND = YES;
				ENABLE_TESTABILITY = YES;
				GCC_C_LANGUAGE_STANDARD = gnu11;
				GCC_DYNAMIC_NO_PIC = NO;
				GCC_NO_COMMON_BLOCKS = YES;
				GCC_OPTIMIZATION_LEVEL = 0;
				GCC_PREPROCESSOR_DEFINITIONS = (
					"DEBUG=1",
					"$(inherited)",
				);
				GCC_WARN_64_TO_32_BIT_CONVERSION = YES;
				GCC_WARN_ABOUT_RETURN_TYPE = YES_ERROR;
				GCC_WARN_UNDECLARED_SELECTOR = YES;
				GCC_WARN_UNINITIALIZED_AUTOS = YES_AGGRESSIVE;
				GCC_WARN_UNUSED_FUNCTION = YES;
				GCC_WARN_UNUSED_VARIABLE = YES;
				IPHONEOS_DEPLOYMENT_TARGET = 12.0;
				MTL_ENABLE_DEBUG_INFO = INCLUDE_SOURCE;
				MTL_FAST_MATH = YES;
				ONLY_ACTIVE_ARCH = YES;
				SDKROOT = iphoneos;
				SWIFT_ACTIVE_COMPILATION_CONDITIONS = DEBUG;
				SWIFT_OPTIMIZATION_LEVEL = "-Onone";
			};
			name = Debug;
		};
		12C34716214FCD2F0099CE4C /* Release */ = {
			isa = XCBuildConfiguration;
			buildSettings = {
				ALWAYS_SEARCH_USER_PATHS = NO;
				CLANG_ANALYZER_NONNULL = YES;
				CLANG_ANALYZER_NUMBER_OBJECT_CONVERSION = YES_AGGRESSIVE;
				CLANG_CXX_LANGUAGE_STANDARD = "gnu++14";
				CLANG_CXX_LIBRARY = "libc++";
				CLANG_ENABLE_MODULES = YES;
				CLANG_ENABLE_OBJC_ARC = YES;
				CLANG_ENABLE_OBJC_WEAK = YES;
				CLANG_WARN_BLOCK_CAPTURE_AUTORELEASING = YES;
				CLANG_WARN_BOOL_CONVERSION = YES;
				CLANG_WARN_COMMA = YES;
				CLANG_WARN_CONSTANT_CONVERSION = YES;
				CLANG_WARN_DEPRECATED_OBJC_IMPLEMENTATIONS = YES;
				CLANG_WARN_DIRECT_OBJC_ISA_USAGE = YES_ERROR;
				CLANG_WARN_DOCUMENTATION_COMMENTS = YES;
				CLANG_WARN_EMPTY_BODY = YES;
				CLANG_WARN_ENUM_CONVERSION = YES;
				CLANG_WARN_INFINITE_RECURSION = YES;
				CLANG_WARN_INT_CONVERSION = YES;
				CLANG_WARN_NON_LITERAL_NULL_CONVERSION = YES;
				CLANG_WARN_OBJC_IMPLICIT_RETAIN_SELF = YES;
				CLANG_WARN_OBJC_LITERAL_CONVERSION = YES;
				CLANG_WARN_OBJC_ROOT_CLASS = YES_ERROR;
				CLANG_WARN_RANGE_LOOP_ANALYSIS = YES;
				CLANG_WARN_STRICT_PROTOTYPES = YES;
				CLANG_WARN_SUSPICIOUS_MOVE = YES;
				CLANG_WARN_UNGUARDED_AVAILABILITY = YES_AGGRESSIVE;
				CLANG_WARN_UNREACHABLE_CODE = YES;
				CLANG_WARN__DUPLICATE_METHOD_MATCH = YES;
				CODE_SIGN_IDENTITY = "iPhone Developer";
				COPY_PHASE_STRIP = NO;
				DEBUG_INFORMATION_FORMAT = "dwarf-with-dsym";
				ENABLE_NS_ASSERTIONS = NO;
				ENABLE_STRICT_OBJC_MSGSEND = YES;
				GCC_C_LANGUAGE_STANDARD = gnu11;
				GCC_NO_COMMON_BLOCKS = YES;
				GCC_WARN_64_TO_32_BIT_CONVERSION = YES;
				GCC_WARN_ABOUT_RETURN_TYPE = YES_ERROR;
				GCC_WARN_UNDECLARED_SELECTOR = YES;
				GCC_WARN_UNINITIALIZED_AUTOS = YES_AGGRESSIVE;
				GCC_WARN_UNUSED_FUNCTION = YES;
				GCC_WARN_UNUSED_VARIABLE = YES;
				IPHONEOS_DEPLOYMENT_TARGET = 12.0;
				MTL_ENABLE_DEBUG_INFO = NO;
				MTL_FAST_MATH = YES;
				SDKROOT = iphoneos;
				SWIFT_COMPILATION_MODE = wholemodule;
				SWIFT_OPTIMIZATION_LEVEL = "-O";
				VALIDATE_PRODUCT = YES;
			};
			name = Release;
		};
		12C34718214FCD2F0099CE4C /* Debug */ = {
			isa = XCBuildConfiguration;
			buildSettings = {
				ASSETCATALOG_COMPILER_APPICON_NAME = AppIcon;
				CODE_SIGN_STYLE = Automatic;
				DEVELOPMENT_TEAM = GR8YTJP3JY;
				INFOPLIST_FILE = Bools/Info.plist;
				LD_RUNPATH_SEARCH_PATHS = (
					"$(inherited)",
					"@executable_path/Frameworks",
				);
				PRODUCT_BUNDLE_IDENTIFIER = com.geekylemondevelopment.Bools;
				PRODUCT_NAME = "$(TARGET_NAME)";
				SWIFT_VERSION = 4.2;
				TARGETED_DEVICE_FAMILY = "1,2";
			};
			name = Debug;
		};
		12C34719214FCD2F0099CE4C /* Release */ = {
			isa = XCBuildConfiguration;
			buildSettings = {
				ASSETCATALOG_COMPILER_APPICON_NAME = AppIcon;
				CODE_SIGN_STYLE = Automatic;
				DEVELOPMENT_TEAM = GR8YTJP3JY;
				INFOPLIST_FILE = Bools/Info.plist;
				LD_RUNPATH_SEARCH_PATHS = (
					"$(inherited)",
					"@executable_path/Frameworks",
				);
				PRODUCT_BUNDLE_IDENTIFIER = com.geekylemondevelopment.Bools;
				PRODUCT_NAME = "$(TARGET_NAME)";
				SWIFT_VERSION = 4.2;
				TARGETED_DEVICE_FAMILY = "1,2";
			};
			name = Release;
		};
		12C3471B214FCD2F0099CE4C /* Debug */ = {
			isa = XCBuildConfiguration;
			buildSettings = {
				ALWAYS_EMBED_SWIFT_STANDARD_LIBRARIES = YES;
				BUNDLE_LOADER = "$(TEST_HOST)";
				CODE_SIGN_STYLE = Automatic;
				DEVELOPMENT_TEAM = GR8YTJP3JY;
				INFOPLIST_FILE = BoolsTests/Info.plist;
				LD_RUNPATH_SEARCH_PATHS = (
					"$(inherited)",
					"@executable_path/Frameworks",
					"@loader_path/Frameworks",
				);
				PRODUCT_BUNDLE_IDENTIFIER = com.geekylemondevelopment.BoolsTests;
				PRODUCT_NAME = "$(TARGET_NAME)";
				SWIFT_VERSION = 4.2;
				TARGETED_DEVICE_FAMILY = "1,2";
				TEST_HOST = "$(BUILT_PRODUCTS_DIR)/Bools.app/Bools";
			};
			name = Debug;
		};
		12C3471C214FCD2F0099CE4C /* Release */ = {
			isa = XCBuildConfiguration;
			buildSettings = {
				ALWAYS_EMBED_SWIFT_STANDARD_LIBRARIES = YES;
				BUNDLE_LOADER = "$(TEST_HOST)";
				CODE_SIGN_STYLE = Automatic;
				DEVELOPMENT_TEAM = GR8YTJP3JY;
				INFOPLIST_FILE = BoolsTests/Info.plist;
				LD_RUNPATH_SEARCH_PATHS = (
					"$(inherited)",
					"@executable_path/Frameworks",
					"@loader_path/Frameworks",
				);
				PRODUCT_BUNDLE_IDENTIFIER = com.geekylemondevelopment.BoolsTests;
				PRODUCT_NAME = "$(TARGET_NAME)";
				SWIFT_VERSION = 4.2;
				TARGETED_DEVICE_FAMILY = "1,2";
				TEST_HOST = "$(BUILT_PRODUCTS_DIR)/Bools.app/Bools";
			};
			name = Release;
		};
		12C3471E214FCD2F0099CE4C /* Debug */ = {
			isa = XCBuildConfiguration;
			buildSettings = {
				ALWAYS_EMBED_SWIFT_STANDARD_LIBRARIES = YES;
				CODE_SIGN_STYLE = Automatic;
				DEVELOPMENT_TEAM = GR8YTJP3JY;
				INFOPLIST_FILE = BoolsUITests/Info.plist;
				LD_RUNPATH_SEARCH_PATHS = (
					"$(inherited)",
					"@executable_path/Frameworks",
					"@loader_path/Frameworks",
				);
				PRODUCT_BUNDLE_IDENTIFIER = com.geekylemondevelopment.BoolsUITests;
				PRODUCT_NAME = "$(TARGET_NAME)";
				SWIFT_VERSION = 4.2;
				TARGETED_DEVICE_FAMILY = "1,2";
				TEST_TARGET_NAME = Bools;
			};
			name = Debug;
		};
		12C3471F214FCD2F0099CE4C /* Release */ = {
			isa = XCBuildConfiguration;
			buildSettings = {
				ALWAYS_EMBED_SWIFT_STANDARD_LIBRARIES = YES;
				CODE_SIGN_STYLE = Automatic;
				DEVELOPMENT_TEAM = GR8YTJP3JY;
				INFOPLIST_FILE = BoolsUITests/Info.plist;
				LD_RUNPATH_SEARCH_PATHS = (
					"$(inherited)",
					"@executable_path/Frameworks",
					"@loader_path/Frameworks",
				);
				PRODUCT_BUNDLE_IDENTIFIER = com.geekylemondevelopment.BoolsUITests;
				PRODUCT_NAME = "$(TARGET_NAME)";
				SWIFT_VERSION = 4.2;
				TARGETED_DEVICE_FAMILY = "1,2";
				TEST_TARGET_NAME = Bools;
			};
			name = Release;
		};
/* End XCBuildConfiguration section */

/* Begin XCConfigurationList section */
		12C346EA214FCD2F0099CE4C /* Build configuration list for PBXProject "Bools" */ = {
			isa = XCConfigurationList;
			buildConfigurations = (
				12C34715214FCD2F0099CE4C /* Debug */,
				12C34716214FCD2F0099CE4C /* Release */,
			);
			defaultConfigurationIsVisible = 0;
			defaultConfigurationName = Release;
		};
		12C34717214FCD2F0099CE4C /* Build configuration list for PBXNativeTarget "Bools" */ = {
			isa = XCConfigurationList;
			buildConfigurations = (
				12C34718214FCD2F0099CE4C /* Debug */,
				12C34719214FCD2F0099CE4C /* Release */,
			);
			defaultConfigurationIsVisible = 0;
			defaultConfigurationName = Release;
		};
		12C3471A214FCD2F0099CE4C /* Build configuration list for PBXNativeTarget "BoolsTests" */ = {
			isa = XCConfigurationList;
			buildConfigurations = (
				12C3471B214FCD2F0099CE4C /* Debug */,
				12C3471C214FCD2F0099CE4C /* Release */,
			);
			defaultConfigurationIsVisible = 0;
			defaultConfigurationName = Release;
		};
		12C3471D214FCD2F0099CE4C /* Build configuration list for PBXNativeTarget "BoolsUITests" */ = {
			isa = XCConfigurationList;
			buildConfigurations = (
				12C3471E214FCD2F0099CE4C /* Debug */,
				12C3471F214FCD2F0099CE4C /* Release */,
			);
			defaultConfigurationIsVisible = 0;
			defaultConfigurationName = Release;
		};
/* End XCConfigurationList section */
	};
	rootObject = 12C346E7214FCD2F0099CE4C /* Project object */;
}
