// !$*UTF8*$!
{
	archiveVersion = 1;
	classes = {
	};
	objectVersion = 50;
	objects = {

/* Begin PBXBuildFile section */
		12C34645214FC2E00099CE4C /* AppDelegate.swift in Sources */ = {isa = PBXBuildFile; fileRef = 12C34644214FC2E00099CE4C /* AppDelegate.swift */; };
		12C34647214FC2E00099CE4C /* ViewController.swift in Sources */ = {isa = PBXBuildFile; fileRef = 12C34646214FC2E00099CE4C /* ViewController.swift */; };
		12C3464A214FC2E00099CE4C /* Main.storyboard in Resources */ = {isa = PBXBuildFile; fileRef = 12C34648214FC2E00099CE4C /* Main.storyboard */; };
		12C3464C214FC2E00099CE4C /* Assets.xcassets in Resources */ = {isa = PBXBuildFile; fileRef = 12C3464B214FC2E00099CE4C /* Assets.xcassets */; };
		12C3464F214FC2E00099CE4C /* LaunchScreen.storyboard in Resources */ = {isa = PBXBuildFile; fileRef = 12C3464D214FC2E00099CE4C /* LaunchScreen.storyboard */; };
		12C3465A214FC2E00099CE4C /* StringsTests.swift in Sources */ = {isa = PBXBuildFile; fileRef = 12C34659214FC2E00099CE4C /* StringsTests.swift */; };
		12C34665214FC2E00099CE4C /* StringsUITests.swift in Sources */ = {isa = PBXBuildFile; fileRef = 12C34664214FC2E00099CE4C /* StringsUITests.swift */; };
/* End PBXBuildFile section */

/* Begin PBXContainerItemProxy section */
		12C34656214FC2E00099CE4C /* PBXContainerItemProxy */ = {
			isa = PBXContainerItemProxy;
			containerPortal = 12C34639214FC2E00099CE4C /* Project object */;
			proxyType = 1;
			remoteGlobalIDString = 12C34640214FC2E00099CE4C;
			remoteInfo = Strings;
		};
		12C34661214FC2E00099CE4C /* PBXContainerItemProxy */ = {
			isa = PBXContainerItemProxy;
			containerPortal = 12C34639214FC2E00099CE4C /* Project object */;
			proxyType = 1;
			remoteGlobalIDString = 12C34640214FC2E00099CE4C;
			remoteInfo = Strings;
		};
/* End PBXContainerItemProxy section */

/* Begin PBXFileReference section */
		12C34641214FC2E00099CE4C /* Strings.app */ = {isa = PBXFileReference; explicitFileType = wrapper.application; includeInIndex = 0; path = Strings.app; sourceTree = BUILT_PRODUCTS_DIR; };
		12C34644214FC2E00099CE4C /* AppDelegate.swift */ = {isa = PBXFileReference; lastKnownFileType = sourcecode.swift; path = AppDelegate.swift; sourceTree = "<group>"; };
		12C34646214FC2E00099CE4C /* ViewController.swift */ = {isa = PBXFileReference; lastKnownFileType = sourcecode.swift; path = ViewController.swift; sourceTree = "<group>"; };
		12C34649214FC2E00099CE4C /* Base */ = {isa = PBXFileReference; lastKnownFileType = file.storyboard; name = Base; path = Base.lproj/Main.storyboard; sourceTree = "<group>"; };
		12C3464B214FC2E00099CE4C /* Assets.xcassets */ = {isa = PBXFileReference; lastKnownFileType = folder.assetcatalog; path = Assets.xcassets; sourceTree = "<group>"; };
		12C3464E214FC2E00099CE4C /* Base */ = {isa = PBXFileReference; lastKnownFileType = file.storyboard; name = Base; path = Base.lproj/LaunchScreen.storyboard; sourceTree = "<group>"; };
		12C34650214FC2E00099CE4C /* Info.plist */ = {isa = PBXFileReference; lastKnownFileType = text.plist.xml; path = Info.plist; sourceTree = "<group>"; };
		12C34655214FC2E00099CE4C /* StringsTests.xctest */ = {isa = PBXFileReference; explicitFileType = wrapper.cfbundle; includeInIndex = 0; path = StringsTests.xctest; sourceTree = BUILT_PRODUCTS_DIR; };
		12C34659214FC2E00099CE4C /* StringsTests.swift */ = {isa = PBXFileReference; lastKnownFileType = sourcecode.swift; path = StringsTests.swift; sourceTree = "<group>"; };
		12C3465B214FC2E00099CE4C /* Info.plist */ = {isa = PBXFileReference; lastKnownFileType = text.plist.xml; path = Info.plist; sourceTree = "<group>"; };
		12C34660214FC2E00099CE4C /* StringsUITests.xctest */ = {isa = PBXFileReference; explicitFileType = wrapper.cfbundle; includeInIndex = 0; path = StringsUITests.xctest; sourceTree = BUILT_PRODUCTS_DIR; };
		12C34664214FC2E00099CE4C /* StringsUITests.swift */ = {isa = PBXFileReference; lastKnownFileType = sourcecode.swift; path = StringsUITests.swift; sourceTree = "<group>"; };
		12C34666214FC2E00099CE4C /* Info.plist */ = {isa = PBXFileReference; lastKnownFileType = text.plist.xml; path = Info.plist; sourceTree = "<group>"; };
/* End PBXFileReference section */

/* Begin PBXFrameworksBuildPhase section */
		12C3463E214FC2E00099CE4C /* Frameworks */ = {
			isa = PBXFrameworksBuildPhase;
			buildActionMask = 2147483647;
			files = (
			);
			runOnlyForDeploymentPostprocessing = 0;
		};
		12C34652214FC2E00099CE4C /* Frameworks */ = {
			isa = PBXFrameworksBuildPhase;
			buildActionMask = 2147483647;
			files = (
			);
			runOnlyForDeploymentPostprocessing = 0;
		};
		12C3465D214FC2E00099CE4C /* Frameworks */ = {
			isa = PBXFrameworksBuildPhase;
			buildActionMask = 2147483647;
			files = (
			);
			runOnlyForDeploymentPostprocessing = 0;
		};
/* End PBXFrameworksBuildPhase section */

/* Begin PBXGroup section */
		12C34638214FC2E00099CE4C = {
			isa = PBXGroup;
			children = (
				12C34643214FC2E00099CE4C /* Strings */,
				12C34658214FC2E00099CE4C /* StringsTests */,
				12C34663214FC2E00099CE4C /* StringsUITests */,
				12C34642214FC2E00099CE4C /* Products */,
			);
			sourceTree = "<group>";
		};
		12C34642214FC2E00099CE4C /* Products */ = {
			isa = PBXGroup;
			children = (
				12C34641214FC2E00099CE4C /* Strings.app */,
				12C34655214FC2E00099CE4C /* StringsTests.xctest */,
				12C34660214FC2E00099CE4C /* StringsUITests.xctest */,
			);
			name = Products;
			sourceTree = "<group>";
		};
		12C34643214FC2E00099CE4C /* Strings */ = {
			isa = PBXGroup;
			children = (
				12C34644214FC2E00099CE4C /* AppDelegate.swift */,
				12C34646214FC2E00099CE4C /* ViewController.swift */,
				12C34648214FC2E00099CE4C /* Main.storyboard */,
				12C3464B214FC2E00099CE4C /* Assets.xcassets */,
				12C3464D214FC2E00099CE4C /* LaunchScreen.storyboard */,
				12C34650214FC2E00099CE4C /* Info.plist */,
			);
			path = Strings;
			sourceTree = "<group>";
		};
		12C34658214FC2E00099CE4C /* StringsTests */ = {
			isa = PBXGroup;
			children = (
				12C34659214FC2E00099CE4C /* StringsTests.swift */,
				12C3465B214FC2E00099CE4C /* Info.plist */,
			);
			path = StringsTests;
			sourceTree = "<group>";
		};
		12C34663214FC2E00099CE4C /* StringsUITests */ = {
			isa = PBXGroup;
			children = (
				12C34664214FC2E00099CE4C /* StringsUITests.swift */,
				12C34666214FC2E00099CE4C /* Info.plist */,
			);
			path = StringsUITests;
			sourceTree = "<group>";
		};
/* End PBXGroup section */

/* Begin PBXNativeTarget section */
		12C34640214FC2E00099CE4C /* Strings */ = {
			isa = PBXNativeTarget;
			buildConfigurationList = 12C34669214FC2E00099CE4C /* Build configuration list for PBXNativeTarget "Strings" */;
			buildPhases = (
				12C3463D214FC2E00099CE4C /* Sources */,
				12C3463E214FC2E00099CE4C /* Frameworks */,
				12C3463F214FC2E00099CE4C /* Resources */,
			);
			buildRules = (
			);
			dependencies = (
			);
			name = Strings;
			productName = Strings;
			productReference = 12C34641214FC2E00099CE4C /* Strings.app */;
			productType = "com.apple.product-type.application";
		};
		12C34654214FC2E00099CE4C /* StringsTests */ = {
			isa = PBXNativeTarget;
			buildConfigurationList = 12C3466C214FC2E00099CE4C /* Build configuration list for PBXNativeTarget "StringsTests" */;
			buildPhases = (
				12C34651214FC2E00099CE4C /* Sources */,
				12C34652214FC2E00099CE4C /* Frameworks */,
				12C34653214FC2E00099CE4C /* Resources */,
			);
			buildRules = (
			);
			dependencies = (
				12C34657214FC2E00099CE4C /* PBXTargetDependency */,
			);
			name = StringsTests;
			productName = StringsTests;
			productReference = 12C34655214FC2E00099CE4C /* StringsTests.xctest */;
			productType = "com.apple.product-type.bundle.unit-test";
		};
		12C3465F214FC2E00099CE4C /* StringsUITests */ = {
			isa = PBXNativeTarget;
			buildConfigurationList = 12C3466F214FC2E00099CE4C /* Build configuration list for PBXNativeTarget "StringsUITests" */;
			buildPhases = (
				12C3465C214FC2E00099CE4C /* Sources */,
				12C3465D214FC2E00099CE4C /* Frameworks */,
				12C3465E214FC2E00099CE4C /* Resources */,
			);
			buildRules = (
			);
			dependencies = (
				12C34662214FC2E00099CE4C /* PBXTargetDependency */,
			);
			name = StringsUITests;
			productName = StringsUITests;
			productReference = 12C34660214FC2E00099CE4C /* StringsUITests.xctest */;
			productType = "com.apple.product-type.bundle.ui-testing";
		};
/* End PBXNativeTarget section */

/* Begin PBXProject section */
		12C34639214FC2E00099CE4C /* Project object */ = {
			isa = PBXProject;
			attributes = {
				LastSwiftUpdateCheck = 1000;
				LastUpgradeCheck = 1000;
				ORGANIZATIONNAME = "Aaron Caines";
				TargetAttributes = {
					12C34640214FC2E00099CE4C = {
						CreatedOnToolsVersion = 10.0;
					};
					12C34654214FC2E00099CE4C = {
						CreatedOnToolsVersion = 10.0;
						TestTargetID = 12C34640214FC2E00099CE4C;
					};
					12C3465F214FC2E00099CE4C = {
						CreatedOnToolsVersion = 10.0;
						TestTargetID = 12C34640214FC2E00099CE4C;
					};
				};
			};
			buildConfigurationList = 12C3463C214FC2E00099CE4C /* Build configuration list for PBXProject "Strings" */;
			compatibilityVersion = "Xcode 9.3";
			developmentRegion = en;
			hasScannedForEncodings = 0;
			knownRegions = (
				en,
				Base,
			);
			mainGroup = 12C34638214FC2E00099CE4C;
			productRefGroup = 12C34642214FC2E00099CE4C /* Products */;
			projectDirPath = "";
			projectRoot = "";
			targets = (
				12C34640214FC2E00099CE4C /* Strings */,
				12C34654214FC2E00099CE4C /* StringsTests */,
				12C3465F214FC2E00099CE4C /* StringsUITests */,
			);
		};
/* End PBXProject section */

/* Begin PBXResourcesBuildPhase section */
		12C3463F214FC2E00099CE4C /* Resources */ = {
			isa = PBXResourcesBuildPhase;
			buildActionMask = 2147483647;
			files = (
				12C3464F214FC2E00099CE4C /* LaunchScreen.storyboard in Resources */,
				12C3464C214FC2E00099CE4C /* Assets.xcassets in Resources */,
				12C3464A214FC2E00099CE4C /* Main.storyboard in Resources */,
			);
			runOnlyForDeploymentPostprocessing = 0;
		};
		12C34653214FC2E00099CE4C /* Resources */ = {
			isa = PBXResourcesBuildPhase;
			buildActionMask = 2147483647;
			files = (
			);
			runOnlyForDeploymentPostprocessing = 0;
		};
		12C3465E214FC2E00099CE4C /* Resources */ = {
			isa = PBXResourcesBuildPhase;
			buildActionMask = 2147483647;
			files = (
			);
			runOnlyForDeploymentPostprocessing = 0;
		};
/* End PBXResourcesBuildPhase section */

/* Begin PBXSourcesBuildPhase section */
		12C3463D214FC2E00099CE4C /* Sources */ = {
			isa = PBXSourcesBuildPhase;
			buildActionMask = 2147483647;
			files = (
				12C34647214FC2E00099CE4C /* ViewController.swift in Sources */,
				12C34645214FC2E00099CE4C /* AppDelegate.swift in Sources */,
			);
			runOnlyForDeploymentPostprocessing = 0;
		};
		12C34651214FC2E00099CE4C /* Sources */ = {
			isa = PBXSourcesBuildPhase;
			buildActionMask = 2147483647;
			files = (
				12C3465A214FC2E00099CE4C /* StringsTests.swift in Sources */,
			);
			runOnlyForDeploymentPostprocessing = 0;
		};
		12C3465C214FC2E00099CE4C /* Sources */ = {
			isa = PBXSourcesBuildPhase;
			buildActionMask = 2147483647;
			files = (
				12C34665214FC2E00099CE4C /* StringsUITests.swift in Sources */,
			);
			runOnlyForDeploymentPostprocessing = 0;
		};
/* End PBXSourcesBuildPhase section */

/* Begin PBXTargetDependency section */
		12C34657214FC2E00099CE4C /* PBXTargetDependency */ = {
			isa = PBXTargetDependency;
			target = 12C34640214FC2E00099CE4C /* Strings */;
			targetProxy = 12C34656214FC2E00099CE4C /* PBXContainerItemProxy */;
		};
		12C34662214FC2E00099CE4C /* PBXTargetDependency */ = {
			isa = PBXTargetDependency;
			target = 12C34640214FC2E00099CE4C /* Strings */;
			targetProxy = 12C34661214FC2E00099CE4C /* PBXContainerItemProxy */;
		};
/* End PBXTargetDependency section */

/* Begin PBXVariantGroup section */
		12C34648214FC2E00099CE4C /* Main.storyboard */ = {
			isa = PBXVariantGroup;
			children = (
				12C34649214FC2E00099CE4C /* Base */,
			);
			name = Main.storyboard;
			sourceTree = "<group>";
		};
		12C3464D214FC2E00099CE4C /* LaunchScreen.storyboard */ = {
			isa = PBXVariantGroup;
			children = (
				12C3464E214FC2E00099CE4C /* Base */,
			);
			name = LaunchScreen.storyboard;
			sourceTree = "<group>";
		};
/* End PBXVariantGroup section */

/* Begin XCBuildConfiguration section */
		12C34667214FC2E00099CE4C /* Debug */ = {
			isa = XCBuildConfiguration;
			buildSettings = {
				ALWAYS_SEARCH_USER_PATHS = NO;
				CLANG_ANALYZER_NONNULL = YES;
				CLANG_ANALYZER_NUMBER_OBJECT_CONVERSION = YES_AGGRESSIVE;
				CLANG_CXX_LANGUAGE_STANDARD = "gnu++14";
				CLANG_CXX_LIBRARY = "libc++";
				CLANG_ENABLE_MODULES = YES;
				CLANG_ENABLE_OBJC_ARC = YES;
				CLANG_ENABLE_OBJC_WEAK = YES;
				CLANG_WARN_BLOCK_CAPTURE_AUTORELEASING = YES;
				CLANG_WARN_BOOL_CONVERSION = YES;
				CLANG_WARN_COMMA = YES;
				CLANG_WARN_CONSTANT_CONVERSION = YES;
				CLANG_WARN_DEPRECATED_OBJC_IMPLEMENTATIONS = YES;
				CLANG_WARN_DIRECT_OBJC_ISA_USAGE = YES_ERROR;
				CLANG_WARN_DOCUMENTATION_COMMENTS = YES;
				CLANG_WARN_EMPTY_BODY = YES;
				CLANG_WARN_ENUM_CONVERSION = YES;
				CLANG_WARN_INFINITE_RECURSION = YES;
				CLANG_WARN_INT_CONVERSION = YES;
				CLANG_WARN_NON_LITERAL_NULL_CONVERSION = YES;
				CLANG_WARN_OBJC_IMPLICIT_RETAIN_SELF = YES;
				CLANG_WARN_OBJC_LITERAL_CONVERSION = YES;
				CLANG_WARN_OBJC_ROOT_CLASS = YES_ERROR;
				CLANG_WARN_RANGE_LOOP_ANALYSIS = YES;
				CLANG_WARN_STRICT_PROTOTYPES = YES;
				CLANG_WARN_SUSPICIOUS_MOVE = YES;
				CLANG_WARN_UNGUARDED_AVAILABILITY = YES_AGGRESSIVE;
				CLANG_WARN_UNREACHABLE_CODE = YES;
				CLANG_WARN__DUPLICATE_METHOD_MATCH = YES;
				CODE_SIGN_IDENTITY = "iPhone Developer";
				COPY_PHASE_STRIP = NO;
				DEBUG_INFORMATION_FORMAT = dwarf;
				ENABLE_STRICT_OBJC_MSGSEND = YES;
				ENABLE_TESTABILITY = YES;
				GCC_C_LANGUAGE_STANDARD = gnu11;
				GCC_DYNAMIC_NO_PIC = NO;
				GCC_NO_COMMON_BLOCKS = YES;
				GCC_OPTIMIZATION_LEVEL = 0;
				GCC_PREPROCESSOR_DEFINITIONS = (
					"DEBUG=1",
					"$(inherited)",
				);
				GCC_WARN_64_TO_32_BIT_CONVERSION = YES;
				GCC_WARN_ABOUT_RETURN_TYPE = YES_ERROR;
				GCC_WARN_UNDECLARED_SELECTOR = YES;
				GCC_WARN_UNINITIALIZED_AUTOS = YES_AGGRESSIVE;
				GCC_WARN_UNUSED_FUNCTION = YES;
				GCC_WARN_UNUSED_VARIABLE = YES;
				IPHONEOS_DEPLOYMENT_TARGET = 12.0;
				MTL_ENABLE_DEBUG_INFO = INCLUDE_SOURCE;
				MTL_FAST_MATH = YES;
				ONLY_ACTIVE_ARCH = YES;
				SDKROOT = iphoneos;
				SWIFT_ACTIVE_COMPILATION_CONDITIONS = DEBUG;
				SWIFT_OPTIMIZATION_LEVEL = "-Onone";
			};
			name = Debug;
		};
		12C34668214FC2E00099CE4C /* Release */ = {
			isa = XCBuildConfiguration;
			buildSettings = {
				ALWAYS_SEARCH_USER_PATHS = NO;
				CLANG_ANALYZER_NONNULL = YES;
				CLANG_ANALYZER_NUMBER_OBJECT_CONVERSION = YES_AGGRESSIVE;
				CLANG_CXX_LANGUAGE_STANDARD = "gnu++14";
				CLANG_CXX_LIBRARY = "libc++";
				CLANG_ENABLE_MODULES = YES;
				CLANG_ENABLE_OBJC_ARC = YES;
				CLANG_ENABLE_OBJC_WEAK = YES;
				CLANG_WARN_BLOCK_CAPTURE_AUTORELEASING = YES;
				CLANG_WARN_BOOL_CONVERSION = YES;
				CLANG_WARN_COMMA = YES;
				CLANG_WARN_CONSTANT_CONVERSION = YES;
				CLANG_WARN_DEPRECATED_OBJC_IMPLEMENTATIONS = YES;
				CLANG_WARN_DIRECT_OBJC_ISA_USAGE = YES_ERROR;
				CLANG_WARN_DOCUMENTATION_COMMENTS = YES;
				CLANG_WARN_EMPTY_BODY = YES;
				CLANG_WARN_ENUM_CONVERSION = YES;
				CLANG_WARN_INFINITE_RECURSION = YES;
				CLANG_WARN_INT_CONVERSION = YES;
				CLANG_WARN_NON_LITERAL_NULL_CONVERSION = YES;
				CLANG_WARN_OBJC_IMPLICIT_RETAIN_SELF = YES;
				CLANG_WARN_OBJC_LITERAL_CONVERSION = YES;
				CLANG_WARN_OBJC_ROOT_CLASS = YES_ERROR;
				CLANG_WARN_RANGE_LOOP_ANALYSIS = YES;
				CLANG_WARN_STRICT_PROTOTYPES = YES;
				CLANG_WARN_SUSPICIOUS_MOVE = YES;
				CLANG_WARN_UNGUARDED_AVAILABILITY = YES_AGGRESSIVE;
				CLANG_WARN_UNREACHABLE_CODE = YES;
				CLANG_WARN__DUPLICATE_METHOD_MATCH = YES;
				CODE_SIGN_IDENTITY = "iPhone Developer";
				COPY_PHASE_STRIP = NO;
				DEBUG_INFORMATION_FORMAT = "dwarf-with-dsym";
				ENABLE_NS_ASSERTIONS = NO;
				ENABLE_STRICT_OBJC_MSGSEND = YES;
				GCC_C_LANGUAGE_STANDARD = gnu11;
				GCC_NO_COMMON_BLOCKS = YES;
				GCC_WARN_64_TO_32_BIT_CONVERSION = YES;
				GCC_WARN_ABOUT_RETURN_TYPE = YES_ERROR;
				GCC_WARN_UNDECLARED_SELECTOR = YES;
				GCC_WARN_UNINITIALIZED_AUTOS = YES_AGGRESSIVE;
				GCC_WARN_UNUSED_FUNCTION = YES;
				GCC_WARN_UNUSED_VARIABLE = YES;
				IPHONEOS_DEPLOYMENT_TARGET = 12.0;
				MTL_ENABLE_DEBUG_INFO = NO;
				MTL_FAST_MATH = YES;
				SDKROOT = iphoneos;
				SWIFT_COMPILATION_MODE = wholemodule;
				SWIFT_OPTIMIZATION_LEVEL = "-O";
				VALIDATE_PRODUCT = YES;
			};
			name = Release;
		};
		12C3466A214FC2E00099CE4C /* Debug */ = {
			isa = XCBuildConfiguration;
			buildSettings = {
				ASSETCATALOG_COMPILER_APPICON_NAME = AppIcon;
				CODE_SIGN_STYLE = Automatic;
				DEVELOPMENT_TEAM = GR8YTJP3JY;
				INFOPLIST_FILE = Strings/Info.plist;
				LD_RUNPATH_SEARCH_PATHS = (
					"$(inherited)",
					"@executable_path/Frameworks",
				);
				PRODUCT_BUNDLE_IDENTIFIER = com.geekylemondevelopment.Strings;
				PRODUCT_NAME = "$(TARGET_NAME)";
				SWIFT_VERSION = 4.2;
				TARGETED_DEVICE_FAMILY = "1,2";
			};
			name = Debug;
		};
		12C3466B214FC2E00099CE4C /* Release */ = {
			isa = XCBuildConfiguration;
			buildSettings = {
				ASSETCATALOG_COMPILER_APPICON_NAME = AppIcon;
				CODE_SIGN_STYLE = Automatic;
				DEVELOPMENT_TEAM = GR8YTJP3JY;
				INFOPLIST_FILE = Strings/Info.plist;
				LD_RUNPATH_SEARCH_PATHS = (
					"$(inherited)",
					"@executable_path/Frameworks",
				);
				PRODUCT_BUNDLE_IDENTIFIER = com.geekylemondevelopment.Strings;
				PRODUCT_NAME = "$(TARGET_NAME)";
				SWIFT_VERSION = 4.2;
				TARGETED_DEVICE_FAMILY = "1,2";
			};
			name = Release;
		};
		12C3466D214FC2E00099CE4C /* Debug */ = {
			isa = XCBuildConfiguration;
			buildSettings = {
				ALWAYS_EMBED_SWIFT_STANDARD_LIBRARIES = YES;
				BUNDLE_LOADER = "$(TEST_HOST)";
				CODE_SIGN_STYLE = Automatic;
				DEVELOPMENT_TEAM = GR8YTJP3JY;
				INFOPLIST_FILE = StringsTests/Info.plist;
				LD_RUNPATH_SEARCH_PATHS = (
					"$(inherited)",
					"@executable_path/Frameworks",
					"@loader_path/Frameworks",
				);
				PRODUCT_BUNDLE_IDENTIFIER = com.geekylemondevelopment.StringsTests;
				PRODUCT_NAME = "$(TARGET_NAME)";
				SWIFT_VERSION = 4.2;
				TARGETED_DEVICE_FAMILY = "1,2";
				TEST_HOST = "$(BUILT_PRODUCTS_DIR)/Strings.app/Strings";
			};
			name = Debug;
		};
		12C3466E214FC2E00099CE4C /* Release */ = {
			isa = XCBuildConfiguration;
			buildSettings = {
				ALWAYS_EMBED_SWIFT_STANDARD_LIBRARIES = YES;
				BUNDLE_LOADER = "$(TEST_HOST)";
				CODE_SIGN_STYLE = Automatic;
				DEVELOPMENT_TEAM = GR8YTJP3JY;
				INFOPLIST_FILE = StringsTests/Info.plist;
				LD_RUNPATH_SEARCH_PATHS = (
					"$(inherited)",
					"@executable_path/Frameworks",
					"@loader_path/Frameworks",
				);
				PRODUCT_BUNDLE_IDENTIFIER = com.geekylemondevelopment.StringsTests;
				PRODUCT_NAME = "$(TARGET_NAME)";
				SWIFT_VERSION = 4.2;
				TARGETED_DEVICE_FAMILY = "1,2";
				TEST_HOST = "$(BUILT_PRODUCTS_DIR)/Strings.app/Strings";
			};
			name = Release;
		};
		12C34670214FC2E00099CE4C /* Debug */ = {
			isa = XCBuildConfiguration;
			buildSettings = {
				ALWAYS_EMBED_SWIFT_STANDARD_LIBRARIES = YES;
				CODE_SIGN_STYLE = Automatic;
				DEVELOPMENT_TEAM = GR8YTJP3JY;
				INFOPLIST_FILE = StringsUITests/Info.plist;
				LD_RUNPATH_SEARCH_PATHS = (
					"$(inherited)",
					"@executable_path/Frameworks",
					"@loader_path/Frameworks",
				);
				PRODUCT_BUNDLE_IDENTIFIER = com.geekylemondevelopment.StringsUITests;
				PRODUCT_NAME = "$(TARGET_NAME)";
				SWIFT_VERSION = 4.2;
				TARGETED_DEVICE_FAMILY = "1,2";
				TEST_TARGET_NAME = Strings;
			};
			name = Debug;
		};
		12C34671214FC2E00099CE4C /* Release */ = {
			isa = XCBuildConfiguration;
			buildSettings = {
				ALWAYS_EMBED_SWIFT_STANDARD_LIBRARIES = YES;
				CODE_SIGN_STYLE = Automatic;
				DEVELOPMENT_TEAM = GR8YTJP3JY;
				INFOPLIST_FILE = StringsUITests/Info.plist;
				LD_RUNPATH_SEARCH_PATHS = (
					"$(inherited)",
					"@executable_path/Frameworks",
					"@loader_path/Frameworks",
				);
				PRODUCT_BUNDLE_IDENTIFIER = com.geekylemondevelopment.StringsUITests;
				PRODUCT_NAME = "$(TARGET_NAME)";
				SWIFT_VERSION = 4.2;
				TARGETED_DEVICE_FAMILY = "1,2";
				TEST_TARGET_NAME = Strings;
			};
			name = Release;
		};
/* End XCBuildConfiguration section */

/* Begin XCConfigurationList section */
		12C3463C214FC2E00099CE4C /* Build configuration list for PBXProject "Strings" */ = {
			isa = XCConfigurationList;
			buildConfigurations = (
				12C34667214FC2E00099CE4C /* Debug */,
				12C34668214FC2E00099CE4C /* Release */,
			);
			defaultConfigurationIsVisible = 0;
			defaultConfigurationName = Release;
		};
		12C34669214FC2E00099CE4C /* Build configuration list for PBXNativeTarget "Strings" */ = {
			isa = XCConfigurationList;
			buildConfigurations = (
				12C3466A214FC2E00099CE4C /* Debug */,
				12C3466B214FC2E00099CE4C /* Release */,
			);
			defaultConfigurationIsVisible = 0;
			defaultConfigurationName = Release;
		};
		12C3466C214FC2E00099CE4C /* Build configuration list for PBXNativeTarget "StringsTests" */ = {
			isa = XCConfigurationList;
			buildConfigurations = (
				12C3466D214FC2E00099CE4C /* Debug */,
				12C3466E214FC2E00099CE4C /* Release */,
			);
			defaultConfigurationIsVisible = 0;
			defaultConfigurationName = Release;
		};
		12C3466F214FC2E00099CE4C /* Build configuration list for PBXNativeTarget "StringsUITests" */ = {
			isa = XCConfigurationList;
			buildConfigurations = (
				12C34670214FC2E00099CE4C /* Debug */,
				12C34671214FC2E00099CE4C /* Release */,
			);
			defaultConfigurationIsVisible = 0;
			defaultConfigurationName = Release;
		};
/* End XCConfigurationList section */
	};
	rootObject = 12C34639214FC2E00099CE4C /* Project object */;
}
