// !$*UTF8*$!
{
	archiveVersion = 1;
	classes = {
	};
	objectVersion = 46;
	objects = {

/* Begin PBXBuildFile section */
		5D70BC7A1BE2C9C300A43457 /* AppDelegate.swift in Sources */ = {isa = PBXBuildFile; fileRef = 5D70BC791BE2C9C300A43457 /* AppDelegate.swift */; };
		5D70BC7C1BE2C9C300A43457 /* ViewController.swift in Sources */ = {isa = PBXBuildFile; fileRef = 5D70BC7B1BE2C9C300A43457 /* ViewController.swift */; };
		5D70BC7F1BE2C9C300A43457 /* Main.storyboard in Resources */ = {isa = PBXBuildFile; fileRef = 5D70BC7D1BE2C9C300A43457 /* Main.storyboard */; };
		5D70BC811BE2C9C300A43457 /* Assets.xcassets in Resources */ = {isa = PBXBuildFile; fileRef = 5D70BC801BE2C9C300A43457 /* Assets.xcassets */; };
		5D70BC841BE2C9C300A43457 /* LaunchScreen.storyboard in Resources */ = {isa = PBXBuildFile; fileRef = 5D70BC821BE2C9C300A43457 /* LaunchScreen.storyboard */; };
		5D70BC8C1BE2CA6500A43457 /* LifeGoalViewController.swift in Sources */ = {isa = PBXBuildFile; fileRef = 5D70BC8B1BE2CA6500A43457 /* LifeGoalViewController.swift */; };
/* End PBXBuildFile section */

/* Begin PBXFileReference section */
		5D70BC761BE2C9C300A43457 /* Receiving Data.app */ = {isa = PBXFileReference; explicitFileType = wrapper.application; includeInIndex = 0; path = "Receiving Data.app"; sourceTree = BUILT_PRODUCTS_DIR; };
		5D70BC791BE2C9C300A43457 /* AppDelegate.swift */ = {isa = PBXFileReference; lastKnownFileType = sourcecode.swift; path = AppDelegate.swift; sourceTree = "<group>"; };
		5D70BC7B1BE2C9C300A43457 /* ViewController.swift */ = {isa = PBXFileReference; lastKnownFileType = sourcecode.swift; path = ViewController.swift; sourceTree = "<group>"; };
		5D70BC7E1BE2C9C300A43457 /* Base */ = {isa = PBXFileReference; lastKnownFileType = file.storyboard; name = Base; path = Base.lproj/Main.storyboard; sourceTree = "<group>"; };
		5D70BC801BE2C9C300A43457 /* Assets.xcassets */ = {isa = PBXFileReference; lastKnownFileType = folder.assetcatalog; path = Assets.xcassets; sourceTree = "<group>"; };
		5D70BC831BE2C9C300A43457 /* Base */ = {isa = PBXFileReference; lastKnownFileType = file.storyboard; name = Base; path = Base.lproj/LaunchScreen.storyboard; sourceTree = "<group>"; };
		5D70BC851BE2C9C300A43457 /* Info.plist */ = {isa = PBXFileReference; lastKnownFileType = text.plist.xml; path = Info.plist; sourceTree = "<group>"; };
		5D70BC8B1BE2CA6500A43457 /* LifeGoalViewController.swift */ = {isa = PBXFileReference; fileEncoding = 4; lastKnownFileType = sourcecode.swift; path = LifeGoalViewController.swift; sourceTree = "<group>"; };
/* End PBXFileReference section */

/* Begin PBXFrameworksBuildPhase section */
		5D70BC731BE2C9C300A43457 /* Frameworks */ = {
			isa = PBXFrameworksBuildPhase;
			buildActionMask = 2147483647;
			files = (
			);
			runOnlyForDeploymentPostprocessing = 0;
		};
/* End PBXFrameworksBuildPhase section */

/* Begin PBXGroup section */
		5D70BC6D1BE2C9C300A43457 = {
			isa = PBXGroup;
			children = (
				5D70BC781BE2C9C300A43457 /* Receiving Data */,
				5D70BC771BE2C9C300A43457 /* Products */,
			);
			sourceTree = "<group>";
		};
		5D70BC771BE2C9C300A43457 /* Products */ = {
			isa = PBXGroup;
			children = (
				5D70BC761BE2C9C300A43457 /* Receiving Data.app */,
			);
			name = Products;
			sourceTree = "<group>";
		};
		5D70BC781BE2C9C300A43457 /* Receiving Data */ = {
			isa = PBXGroup;
			children = (
				5D70BC791BE2C9C300A43457 /* AppDelegate.swift */,
				5D70BC7B1BE2C9C300A43457 /* ViewController.swift */,
				5D70BC7D1BE2C9C300A43457 /* Main.storyboard */,
				5D70BC801BE2C9C300A43457 /* Assets.xcassets */,
				5D70BC821BE2C9C300A43457 /* LaunchScreen.storyboard */,
				5D70BC851BE2C9C300A43457 /* Info.plist */,
				5D70BC8B1BE2CA6500A43457 /* LifeGoalViewController.swift */,
			);
			path = "Receiving Data";
			sourceTree = "<group>";
		};
/* End PBXGroup section */

/* Begin PBXNativeTarget section */
		5D70BC751BE2C9C300A43457 /* Receiving Data */ = {
			isa = PBXNativeTarget;
			buildConfigurationList = 5D70BC881BE2C9C300A43457 /* Build configuration list for PBXNativeTarget "Receiving Data" */;
			buildPhases = (
				5D70BC721BE2C9C300A43457 /* Sources */,
				5D70BC731BE2C9C300A43457 /* Frameworks */,
				5D70BC741BE2C9C300A43457 /* Resources */,
			);
			buildRules = (
			);
			dependencies = (
			);
			name = "Receiving Data";
			productName = "Receiving Data";
			productReference = 5D70BC761BE2C9C300A43457 /* Receiving Data.app */;
			productType = "com.apple.product-type.application";
		};
/* End PBXNativeTarget section */

/* Begin PBXProject section */
		5D70BC6E1BE2C9C300A43457 /* Project object */ = {
			isa = PBXProject;
			attributes = {
				LastSwiftUpdateCheck = 0710;
				LastUpgradeCheck = 1020;
				ORGANIZATIONNAME = "Full Sail University";
				TargetAttributes = {
					5D70BC751BE2C9C300A43457 = {
						CreatedOnToolsVersion = 7.1;
						DevelopmentTeam = 9ST3DGGTAN;
						LastSwiftMigration = 1020;
					};
				};
			};
			buildConfigurationList = 5D70BC711BE2C9C300A43457 /* Build configuration list for PBXProject "Receiving Data" */;
			compatibilityVersion = "Xcode 3.2";
			developmentRegion = en;
			hasScannedForEncodings = 0;
			knownRegions = (
				en,
				Base,
			);
			mainGroup = 5D70BC6D1BE2C9C300A43457;
			productRefGroup = 5D70BC771BE2C9C300A43457 /* Products */;
			projectDirPath = "";
			projectRoot = "";
			targets = (
				5D70BC751BE2C9C300A43457 /* Receiving Data */,
			);
		};
/* End PBXProject section */

/* Begin PBXResourcesBuildPhase section */
		5D70BC741BE2C9C300A43457 /* Resources */ = {
			isa = PBXResourcesBuildPhase;
			buildActionMask = 2147483647;
			files = (
				5D70BC841BE2C9C300A43457 /* LaunchScreen.storyboard in Resources */,
				5D70BC811BE2C9C300A43457 /* Assets.xcassets in Resources */,
				5D70BC7F1BE2C9C300A43457 /* Main.storyboard in Resources */,
			);
			runOnlyForDeploymentPostprocessing = 0;
		};
/* End PBXResourcesBuildPhase section */

/* Begin PBXSourcesBuildPhase section */
		5D70BC721BE2C9C300A43457 /* Sources */ = {
			isa = PBXSourcesBuildPhase;
			buildActionMask = 2147483647;
			files = (
				5D70BC7C1BE2C9C300A43457 /* ViewController.swift in Sources */,
				5D70BC7A1BE2C9C300A43457 /* AppDelegate.swift in Sources */,
				5D70BC8C1BE2CA6500A43457 /* LifeGoalViewController.swift in Sources */,
			);
			runOnlyForDeploymentPostprocessing = 0;
		};
/* End PBXSourcesBuildPhase section */

/* Begin PBXVariantGroup section */
		5D70BC7D1BE2C9C300A43457 /* Main.storyboard */ = {
			isa = PBXVariantGroup;
			children = (
				5D70BC7E1BE2C9C300A43457 /* Base */,
			);
			name = Main.storyboard;
			sourceTree = "<group>";
		};
		5D70BC821BE2C9C300A43457 /* LaunchScreen.storyboard */ = {
			isa = PBXVariantGroup;
			children = (
				5D70BC831BE2C9C300A43457 /* Base */,
			);
			name = LaunchScreen.storyboard;
			sourceTree = "<group>";
		};
/* End PBXVariantGroup section */

/* Begin XCBuildConfiguration section */
		5D70BC861BE2C9C300A43457 /* Debug */ = {
			isa = XCBuildConfiguration;
			buildSettings = {
				ALWAYS_SEARCH_USER_PATHS = NO;
				CLANG_ANALYZER_LOCALIZABILITY_NONLOCALIZED = YES;
				CLANG_CXX_LANGUAGE_STANDARD = "gnu++0x";
				CLANG_CXX_LIBRARY = "libc++";
				CLANG_ENABLE_MODULES = YES;
				CLANG_ENABLE_OBJC_ARC = YES;
				CLANG_WARN_BLOCK_CAPTURE_AUTORELEASING = YES;
				CLANG_WARN_BOOL_CONVERSION = YES;
				CLANG_WARN_COMMA = YES;
				CLANG_WARN_CONSTANT_CONVERSION = YES;
				CLANG_WARN_DEPRECATED_OBJC_IMPLEMENTATIONS = YES;
				CLANG_WARN_DIRECT_OBJC_ISA_USAGE = YES_ERROR;
				CLANG_WARN_EMPTY_BODY = YES;
				CLANG_WARN_ENUM_CONVERSION = YES;
				CLANG_WARN_INFINITE_RECURSION = YES;
				CLANG_WARN_INT_CONVERSION = YES;
				CLANG_WARN_NON_LITERAL_NULL_CONVERSION = YES;
				CLANG_WARN_OBJC_IMPLICIT_RETAIN_SELF = YES;
				CLANG_WARN_OBJC_LITERAL_CONVERSION = YES;
				CLANG_WARN_OBJC_ROOT_CLASS = YES_ERROR;
				CLANG_WARN_RANGE_LOOP_ANALYSIS = YES;
				CLANG_WARN_STRICT_PROTOTYPES = YES;
				CLANG_WARN_SUSPICIOUS_MOVE = YES;
				CLANG_WARN_UNREACHABLE_CODE = YES;
				CLANG_WARN__DUPLICATE_METHOD_MATCH = YES;
				"CODE_SIGN_IDENTITY[sdk=iphoneos*]" = "iPhone Developer";
				COPY_PHASE_STRIP = NO;
				DEBUG_INFORMATION_FORMAT = dwarf;
				ENABLE_STRICT_OBJC_MSGSEND = YES;
				ENABLE_TESTABILITY = YES;
				GCC_C_LANGUAGE_STANDARD = gnu99;
				GCC_DYNAMIC_NO_PIC = NO;
				GCC_NO_COMMON_BLOCKS = YES;
				GCC_OPTIMIZATION_LEVEL = 0;
				GCC_PREPROCESSOR_DEFINITIONS = (
					"DEBUG=1",
					"$(inherited)",
				);
				GCC_WARN_64_TO_32_BIT_CONVERSION = YES;
				GCC_WARN_ABOUT_RETURN_TYPE = YES_ERROR;
				GCC_WARN_UNDECLARED_SELECTOR = YES;
				GCC_WARN_UNINITIALIZED_AUTOS = YES_AGGRESSIVE;
				GCC_WARN_UNUSED_FUNCTION = YES;
				GCC_WARN_UNUSED_VARIABLE = YES;
				IPHONEOS_DEPLOYMENT_TARGET = 9.1;
				MTL_ENABLE_DEBUG_INFO = YES;
				ONLY_ACTIVE_ARCH = YES;
				SDKROOT = iphoneos;
				SWIFT_OPTIMIZATION_LEVEL = "-Onone";
				TARGETED_DEVICE_FAMILY = "1,2";
			};
			name = Debug;
		};
		5D70BC871BE2C9C300A43457 /* Release */ = {
			isa = XCBuildConfiguration;
			buildSettings = {
				ALWAYS_SEARCH_USER_PATHS = NO;
				CLANG_ANALYZER_LOCALIZABILITY_NONLOCALIZED = YES;
				CLANG_CXX_LANGUAGE_STANDARD = "gnu++0x";
				CLANG_CXX_LIBRARY = "libc++";
				CLANG_ENABLE_MODULES = YES;
				CLANG_ENABLE_OBJC_ARC = YES;
				CLANG_WARN_BLOCK_CAPTURE_AUTORELEASING = YES;
				CLANG_WARN_BOOL_CONVERSION = YES;
				CLANG_WARN_COMMA = YES;
				CLANG_WARN_CONSTANT_CONVERSION = YES;
				CLANG_WARN_DEPRECATED_OBJC_IMPLEMENTATIONS = YES;
				CLANG_WARN_DIRECT_OBJC_ISA_USAGE = YES_ERROR;
				CLANG_WARN_EMPTY_BODY = YES;
				CLANG_WARN_ENUM_CONVERSION = YES;
				CLANG_WARN_INFINITE_RECURSION = YES;
				CLANG_WARN_INT_CONVERSION = YES;
				CLANG_WARN_NON_LITERAL_NULL_CONVERSION = YES;
				CLANG_WARN_OBJC_IMPLICIT_RETAIN_SELF = YES;
				CLANG_WARN_OBJC_LITERAL_CONVERSION = YES;
				CLANG_WARN_OBJC_ROOT_CLASS = YES_ERROR;
				CLANG_WARN_RANGE_LOOP_ANALYSIS = YES;
				CLANG_WARN_STRICT_PROTOTYPES = YES;
				CLANG_WARN_SUSPICIOUS_MOVE = YES;
				CLANG_WARN_UNREACHABLE_CODE = YES;
				CLANG_WARN__DUPLICATE_METHOD_MATCH = YES;
				"CODE_SIGN_IDENTITY[sdk=iphoneos*]" = "iPhone Developer";
				COPY_PHASE_STRIP = NO;
				DEBUG_INFORMATION_FORMAT = "dwarf-with-dsym";
				ENABLE_NS_ASSERTIONS = NO;
				ENABLE_STRICT_OBJC_MSGSEND = YES;
				GCC_C_LANGUAGE_STANDARD = gnu99;
				GCC_NO_COMMON_BLOCKS = YES;
				GCC_WARN_64_TO_32_BIT_CONVERSION = YES;
				GCC_WARN_ABOUT_RETURN_TYPE = YES_ERROR;
				GCC_WARN_UNDECLARED_SELECTOR = YES;
				GCC_WARN_UNINITIALIZED_AUTOS = YES_AGGRESSIVE;
				GCC_WARN_UNUSED_FUNCTION = YES;
				GCC_WARN_UNUSED_VARIABLE = YES;
				IPHONEOS_DEPLOYMENT_TARGET = 9.1;
				MTL_ENABLE_DEBUG_INFO = NO;
				SDKROOT = iphoneos;
				SWIFT_OPTIMIZATION_LEVEL = "-Owholemodule";
				TARGETED_DEVICE_FAMILY = "1,2";
				VALIDATE_PRODUCT = YES;
			};
			name = Release;
		};
		5D70BC891BE2C9C300A43457 /* Debug */ = {
			isa = XCBuildConfiguration;
			buildSettings = {
				ASSETCATALOG_COMPILER_APPICON_NAME = AppIcon;
				DEVELOPMENT_TEAM = 9ST3DGGTAN;
				INFOPLIST_FILE = "Receiving Data/Info.plist";
				IPHONEOS_DEPLOYMENT_TARGET = 11.0;
				LD_RUNPATH_SEARCH_PATHS = "$(inherited) @executable_path/Frameworks";
				PRODUCT_BUNDLE_IDENTIFIER = "com.fullsail.Receiving-Data";
				PRODUCT_NAME = "$(TARGET_NAME)";
				SWIFT_VERSION = 5.0;
			};
			name = Debug;
		};
		5D70BC8A1BE2C9C300A43457 /* Release */ = {
			isa = XCBuildConfiguration;
			buildSettings = {
				ASSETCATALOG_COMPILER_APPICON_NAME = AppIcon;
				DEVELOPMENT_TEAM = 9ST3DGGTAN;
				INFOPLIST_FILE = "Receiving Data/Info.plist";
				IPHONEOS_DEPLOYMENT_TARGET = 11.0;
				LD_RUNPATH_SEARCH_PATHS = "$(inherited) @executable_path/Frameworks";
				PRODUCT_BUNDLE_IDENTIFIER = "com.fullsail.Receiving-Data";
				PRODUCT_NAME = "$(TARGET_NAME)";
				SWIFT_VERSION = 5.0;
			};
			name = Release;
		};
/* End XCBuildConfiguration section */

/* Begin XCConfigurationList section */
		5D70BC711BE2C9C300A43457 /* Build configuration list for PBXProject "Receiving Data" */ = {
			isa = XCConfigurationList;
			buildConfigurations = (
				5D70BC861BE2C9C300A43457 /* Debug */,
				5D70BC871BE2C9C300A43457 /* Release */,
			);
			defaultConfigurationIsVisible = 0;
			defaultConfigurationName = Release;
		};
		5D70BC881BE2C9C300A43457 /* Build configuration list for PBXNativeTarget "Receiving Data" */ = {
			isa = XCConfigurationList;
			buildConfigurations = (
				5D70BC891BE2C9C300A43457 /* Debug */,
				5D70BC8A1BE2C9C300A43457 /* Release */,
			);
			defaultConfigurationIsVisible = 0;
			defaultConfigurationName = Release;
		};
/* End XCConfigurationList section */
	};
	rootObject = 5D70BC6E1BE2C9C300A43457 /* Project object */;
}
